
Microsoft Visual Studio Solution File, Format Version 12.00
# Visual Studio 2013
VisualStudioVersion = 12.0.31101.0
MinimumVisualStudioVersion = 10.0.40219.1
Project("{FAE04EC0-301F-11D3-BF4B-00C04F79EFBC}") = "NetIOCPClient", "NetIOCPClient\NetIOCPClient.csproj", "{8EA81700-356A-4705-A82D-A7225CDC2057}"
EndProject
Project("{FAE04EC0-301F-11D3-BF4B-00C04F79EFBC}") = "_U3DNetWorkClient_Test", "U3DNetWorkClient_Test\_U3DNetWorkClient_Test.csproj", "{C4C551E3-1D60-4F71-BA5A-7A6DAD0D02D1}"
EndProject
Project("{FAE04EC0-301F-11D3-BF4B-00C04F79EFBC}") = "IRobotQ.Model", "IRobotQ.Model\IRobotQ.Model.csproj", "{B3B4BE6F-29D5-4746-9C26-C475D0CBD863}"
EndProject
Project("{FAE04EC0-301F-11D3-BF4B-00C04F79EFBC}") = "IRobotQ.Base", "IRobotQ.Base\IRobotQ.Base.csproj", "{383395B1-F2C4-4478-988E-EFD7BBABF7A2}"
EndProject
Project("{FAE04EC0-301F-11D3-BF4B-00C04F79EFBC}") = "nspring", "nspring\nspring.csproj", "{6B88136C-FA81-4713-9F74-ECC92277067A}"
EndProject
Project("{FAE04EC0-301F-11D3-BF4B-00C04F79EFBC}") = "SharpCompress", "..\sharpcompress\SharpCompress\SharpCompress.csproj", "{10A689CF-76A2-4A4F-96E4-553C33398438}"
EndProject
Project("{FAE04EC0-301F-11D3-BF4B-00C04F79EFBC}") = "Newtonsoft_Json", "Newtonsoft_Json\Newtonsoft_Json.csproj", "{64C266A4-3D13-45B1-A0B0-ABBC0F4C14C3}"
EndProject
Global
	GlobalSection(SolutionConfigurationPlatforms) = preSolution
		Debug_Pack|Any CPU = Debug_Pack|Any CPU
		Debug_Pack|Mixed Platforms = Debug_Pack|Mixed Platforms
		Debug_Pack|x86 = Debug_Pack|x86
		Debug_ServerSide_Company|Any CPU = Debug_ServerSide_Company|Any CPU
		Debug_ServerSide_Company|Mixed Platforms = Debug_ServerSide_Company|Mixed Platforms
		Debug_ServerSide_Company|x86 = Debug_ServerSide_Company|x86
		Debug_ServerSide_校园网版|Any CPU = Debug_ServerSide_校园网版|Any CPU
		Debug_ServerSide_校园网版|Mixed Platforms = Debug_ServerSide_校园网版|Mixed Platforms
		Debug_ServerSide_校园网版|x86 = Debug_ServerSide_校园网版|x86
		Debug_ServerSide|Any CPU = Debug_ServerSide|Any CPU
		Debug_ServerSide|Mixed Platforms = Debug_ServerSide|Mixed Platforms
		Debug_ServerSide|x86 = Debug_ServerSide|x86
		DEBUG_服务端1440|Any CPU = DEBUG_服务端1440|Any CPU
		DEBUG_服务端1440|Mixed Platforms = DEBUG_服务端1440|Mixed Platforms
		DEBUG_服务端1440|x86 = DEBUG_服务端1440|x86
		Debug_机房版|Any CPU = Debug_机房版|Any CPU
		Debug_机房版|Mixed Platforms = Debug_机房版|Mixed Platforms
		Debug_机房版|x86 = Debug_机房版|x86
		Debug_离线版|Any CPU = Debug_离线版|Any CPU
		Debug_离线版|Mixed Platforms = Debug_离线版|Mixed Platforms
		Debug_离线版|x86 = Debug_离线版|x86
		Debug|Any CPU = Debug|Any CPU
		Debug|Mixed Platforms = Debug|Mixed Platforms
		Debug|x86 = Debug|x86
		Release_Pack_XPARTNER_离线|Any CPU = Release_Pack_XPARTNER_离线|Any CPU
		Release_Pack_XPARTNER_离线|Mixed Platforms = Release_Pack_XPARTNER_离线|Mixed Platforms
		Release_Pack_XPARTNER_离线|x86 = Release_Pack_XPARTNER_离线|x86
		Release_Pack_XPARTNER|Any CPU = Release_Pack_XPARTNER|Any CPU
		Release_Pack_XPARTNER|Mixed Platforms = Release_Pack_XPARTNER|Mixed Platforms
		Release_Pack_XPARTNER|x86 = Release_Pack_XPARTNER|x86
		Release_Pack_机房版|Any CPU = Release_Pack_机房版|Any CPU
		Release_Pack_机房版|Mixed Platforms = Release_Pack_机房版|Mixed Platforms
		Release_Pack_机房版|x86 = Release_Pack_机房版|x86
		Release_Pack_宁夏|Any CPU = Release_Pack_宁夏|Any CPU
		Release_Pack_宁夏|Mixed Platforms = Release_Pack_宁夏|Mixed Platforms
		Release_Pack_宁夏|x86 = Release_Pack_宁夏|x86
		Release_Pack|Any CPU = Release_Pack|Any CPU
		Release_Pack|Mixed Platforms = Release_Pack|Mixed Platforms
		Release_Pack|x86 = Release_Pack|x86
		Release_ServerSide_Company|Any CPU = Release_ServerSide_Company|Any CPU
		Release_ServerSide_Company|Mixed Platforms = Release_ServerSide_Company|Mixed Platforms
		Release_ServerSide_Company|x86 = Release_ServerSide_Company|x86
		Release_ServerSide_校园网版_不验证|Any CPU = Release_ServerSide_校园网版_不验证|Any CPU
		Release_ServerSide_校园网版_不验证|Mixed Platforms = Release_ServerSide_校园网版_不验证|Mixed Platforms
		Release_ServerSide_校园网版_不验证|x86 = Release_ServerSide_校园网版_不验证|x86
		Release_ServerSide_校园网版|Any CPU = Release_ServerSide_校园网版|Any CPU
		Release_ServerSide_校园网版|Mixed Platforms = Release_ServerSide_校园网版|Mixed Platforms
		Release_ServerSide_校园网版|x86 = Release_ServerSide_校园网版|x86
		Release_ServerSide_校园网版不验证|Any CPU = Release_ServerSide_校园网版不验证|Any CPU
		Release_ServerSide_校园网版不验证|Mixed Platforms = Release_ServerSide_校园网版不验证|Mixed Platforms
		Release_ServerSide_校园网版不验证|x86 = Release_ServerSide_校园网版不验证|x86
		Release_ServerSide_浙江|Any CPU = Release_ServerSide_浙江|Any CPU
		Release_ServerSide_浙江|Mixed Platforms = Release_ServerSide_浙江|Mixed Platforms
		Release_ServerSide_浙江|x86 = Release_ServerSide_浙江|x86
		Release_ServerSide|Any CPU = Release_ServerSide|Any CPU
		Release_ServerSide|Mixed Platforms = Release_ServerSide|Mixed Platforms
		Release_ServerSide|x86 = Release_ServerSide|x86
		Release_机房版|Any CPU = Release_机房版|Any CPU
		Release_机房版|Mixed Platforms = Release_机房版|Mixed Platforms
		Release_机房版|x86 = Release_机房版|x86
		Release_宁夏|Any CPU = Release_宁夏|Any CPU
		Release_宁夏|Mixed Platforms = Release_宁夏|Mixed Platforms
		Release_宁夏|x86 = Release_宁夏|x86
		Release|Any CPU = Release|Any CPU
		Release|Mixed Platforms = Release|Mixed Platforms
		Release|x86 = Release|x86
		测试Release|Any CPU = 测试Release|Any CPU
		测试Release|Mixed Platforms = 测试Release|Mixed Platforms
		测试Release|x86 = 测试Release|x86
	EndGlobalSection
	GlobalSection(ProjectConfigurationPlatforms) = postSolution
		{8EA81700-356A-4705-A82D-A7225CDC2057}.Debug_Pack|Any CPU.ActiveCfg = Debug|Any CPU
		{8EA81700-356A-4705-A82D-A7225CDC2057}.Debug_Pack|Any CPU.Build.0 = Debug|Any CPU
		{8EA81700-356A-4705-A82D-A7225CDC2057}.Debug_Pack|Mixed Platforms.ActiveCfg = Debug|Any CPU
		{8EA81700-356A-4705-A82D-A7225CDC2057}.Debug_Pack|Mixed Platforms.Build.0 = Debug|Any CPU
		{8EA81700-356A-4705-A82D-A7225CDC2057}.Debug_Pack|x86.ActiveCfg = Debug|Any CPU
		{8EA81700-356A-4705-A82D-A7225CDC2057}.Debug_ServerSide_Company|Any CPU.ActiveCfg = Debug|Any CPU
		{8EA81700-356A-4705-A82D-A7225CDC2057}.Debug_ServerSide_Company|Any CPU.Build.0 = Debug|Any CPU
		{8EA81700-356A-4705-A82D-A7225CDC2057}.Debug_ServerSide_Company|Mixed Platforms.ActiveCfg = Debug|Any CPU
		{8EA81700-356A-4705-A82D-A7225CDC2057}.Debug_ServerSide_Company|Mixed Platforms.Build.0 = Debug|Any CPU
		{8EA81700-356A-4705-A82D-A7225CDC2057}.Debug_ServerSide_Company|x86.ActiveCfg = Debug|Any CPU
		{8EA81700-356A-4705-A82D-A7225CDC2057}.Debug_ServerSide_校园网版|Any CPU.ActiveCfg = Debug|Any CPU
		{8EA81700-356A-4705-A82D-A7225CDC2057}.Debug_ServerSide_校园网版|Any CPU.Build.0 = Debug|Any CPU
		{8EA81700-356A-4705-A82D-A7225CDC2057}.Debug_ServerSide_校园网版|Mixed Platforms.ActiveCfg = Debug|Any CPU
		{8EA81700-356A-4705-A82D-A7225CDC2057}.Debug_ServerSide_校园网版|Mixed Platforms.Build.0 = Debug|Any CPU
		{8EA81700-356A-4705-A82D-A7225CDC2057}.Debug_ServerSide_校园网版|x86.ActiveCfg = Debug|Any CPU
		{8EA81700-356A-4705-A82D-A7225CDC2057}.Debug_ServerSide|Any CPU.ActiveCfg = Debug|Any CPU
		{8EA81700-356A-4705-A82D-A7225CDC2057}.Debug_ServerSide|Any CPU.Build.0 = Debug|Any CPU
		{8EA81700-356A-4705-A82D-A7225CDC2057}.Debug_ServerSide|Mixed Platforms.ActiveCfg = Debug|Any CPU
		{8EA81700-356A-4705-A82D-A7225CDC2057}.Debug_ServerSide|Mixed Platforms.Build.0 = Debug|Any CPU
		{8EA81700-356A-4705-A82D-A7225CDC2057}.Debug_ServerSide|x86.ActiveCfg = Debug|Any CPU
		{8EA81700-356A-4705-A82D-A7225CDC2057}.DEBUG_服务端1440|Any CPU.ActiveCfg = Debug|Any CPU
		{8EA81700-356A-4705-A82D-A7225CDC2057}.DEBUG_服务端1440|Any CPU.Build.0 = Debug|Any CPU
		{8EA81700-356A-4705-A82D-A7225CDC2057}.DEBUG_服务端1440|Mixed Platforms.ActiveCfg = Debug|Any CPU
		{8EA81700-356A-4705-A82D-A7225CDC2057}.DEBUG_服务端1440|Mixed Platforms.Build.0 = Debug|Any CPU
		{8EA81700-356A-4705-A82D-A7225CDC2057}.DEBUG_服务端1440|x86.ActiveCfg = Debug|Any CPU
		{8EA81700-356A-4705-A82D-A7225CDC2057}.Debug_机房版|Any CPU.ActiveCfg = Debug|Any CPU
		{8EA81700-356A-4705-A82D-A7225CDC2057}.Debug_机房版|Any CPU.Build.0 = Debug|Any CPU
		{8EA81700-356A-4705-A82D-A7225CDC2057}.Debug_机房版|Mixed Platforms.ActiveCfg = Debug|Any CPU
		{8EA81700-356A-4705-A82D-A7225CDC2057}.Debug_机房版|Mixed Platforms.Build.0 = Debug|Any CPU
		{8EA81700-356A-4705-A82D-A7225CDC2057}.Debug_机房版|x86.ActiveCfg = Debug|Any CPU
		{8EA81700-356A-4705-A82D-A7225CDC2057}.Debug_离线版|Any CPU.ActiveCfg = Debug|Any CPU
		{8EA81700-356A-4705-A82D-A7225CDC2057}.Debug_离线版|Any CPU.Build.0 = Debug|Any CPU
		{8EA81700-356A-4705-A82D-A7225CDC2057}.Debug_离线版|Mixed Platforms.ActiveCfg = Debug|Any CPU
		{8EA81700-356A-4705-A82D-A7225CDC2057}.Debug_离线版|Mixed Platforms.Build.0 = Debug|Any CPU
		{8EA81700-356A-4705-A82D-A7225CDC2057}.Debug_离线版|x86.ActiveCfg = Debug|Any CPU
		{8EA81700-356A-4705-A82D-A7225CDC2057}.Debug|Any CPU.ActiveCfg = Debug|Any CPU
		{8EA81700-356A-4705-A82D-A7225CDC2057}.Debug|Any CPU.Build.0 = Debug|Any CPU
		{8EA81700-356A-4705-A82D-A7225CDC2057}.Debug|Mixed Platforms.ActiveCfg = Debug|Any CPU
		{8EA81700-356A-4705-A82D-A7225CDC2057}.Debug|Mixed Platforms.Build.0 = Debug|Any CPU
		{8EA81700-356A-4705-A82D-A7225CDC2057}.Debug|x86.ActiveCfg = Debug|Any CPU
		{8EA81700-356A-4705-A82D-A7225CDC2057}.Release_Pack_XPARTNER_离线|Any CPU.ActiveCfg = Release|Any CPU
		{8EA81700-356A-4705-A82D-A7225CDC2057}.Release_Pack_XPARTNER_离线|Any CPU.Build.0 = Release|Any CPU
		{8EA81700-356A-4705-A82D-A7225CDC2057}.Release_Pack_XPARTNER_离线|Mixed Platforms.ActiveCfg = Release|Any CPU
		{8EA81700-356A-4705-A82D-A7225CDC2057}.Release_Pack_XPARTNER_离线|Mixed Platforms.Build.0 = Release|Any CPU
		{8EA81700-356A-4705-A82D-A7225CDC2057}.Release_Pack_XPARTNER_离线|x86.ActiveCfg = Release|Any CPU
		{8EA81700-356A-4705-A82D-A7225CDC2057}.Release_Pack_XPARTNER|Any CPU.ActiveCfg = Release|Any CPU
		{8EA81700-356A-4705-A82D-A7225CDC2057}.Release_Pack_XPARTNER|Any CPU.Build.0 = Release|Any CPU
		{8EA81700-356A-4705-A82D-A7225CDC2057}.Release_Pack_XPARTNER|Mixed Platforms.ActiveCfg = Release|Any CPU
		{8EA81700-356A-4705-A82D-A7225CDC2057}.Release_Pack_XPARTNER|Mixed Platforms.Build.0 = Release|Any CPU
		{8EA81700-356A-4705-A82D-A7225CDC2057}.Release_Pack_XPARTNER|x86.ActiveCfg = Release|Any CPU
		{8EA81700-356A-4705-A82D-A7225CDC2057}.Release_Pack_机房版|Any CPU.ActiveCfg = Release|Any CPU
		{8EA81700-356A-4705-A82D-A7225CDC2057}.Release_Pack_机房版|Any CPU.Build.0 = Release|Any CPU
		{8EA81700-356A-4705-A82D-A7225CDC2057}.Release_Pack_机房版|Mixed Platforms.ActiveCfg = Release|Any CPU
		{8EA81700-356A-4705-A82D-A7225CDC2057}.Release_Pack_机房版|Mixed Platforms.Build.0 = Release|Any CPU
		{8EA81700-356A-4705-A82D-A7225CDC2057}.Release_Pack_机房版|x86.ActiveCfg = Release|Any CPU
		{8EA81700-356A-4705-A82D-A7225CDC2057}.Release_Pack_宁夏|Any CPU.ActiveCfg = Release|Any CPU
		{8EA81700-356A-4705-A82D-A7225CDC2057}.Release_Pack_宁夏|Any CPU.Build.0 = Release|Any CPU
		{8EA81700-356A-4705-A82D-A7225CDC2057}.Release_Pack_宁夏|Mixed Platforms.ActiveCfg = Release|Any CPU
		{8EA81700-356A-4705-A82D-A7225CDC2057}.Release_Pack_宁夏|Mixed Platforms.Build.0 = Release|Any CPU
		{8EA81700-356A-4705-A82D-A7225CDC2057}.Release_Pack_宁夏|x86.ActiveCfg = Release|Any CPU
		{8EA81700-356A-4705-A82D-A7225CDC2057}.Release_Pack|Any CPU.ActiveCfg = Release|Any CPU
		{8EA81700-356A-4705-A82D-A7225CDC2057}.Release_Pack|Any CPU.Build.0 = Release|Any CPU
		{8EA81700-356A-4705-A82D-A7225CDC2057}.Release_Pack|Mixed Platforms.ActiveCfg = Release|Any CPU
		{8EA81700-356A-4705-A82D-A7225CDC2057}.Release_Pack|Mixed Platforms.Build.0 = Release|Any CPU
		{8EA81700-356A-4705-A82D-A7225CDC2057}.Release_Pack|x86.ActiveCfg = Release|Any CPU
		{8EA81700-356A-4705-A82D-A7225CDC2057}.Release_ServerSide_Company|Any CPU.ActiveCfg = Release|Any CPU
		{8EA81700-356A-4705-A82D-A7225CDC2057}.Release_ServerSide_Company|Any CPU.Build.0 = Release|Any CPU
		{8EA81700-356A-4705-A82D-A7225CDC2057}.Release_ServerSide_Company|Mixed Platforms.ActiveCfg = Release|Any CPU
		{8EA81700-356A-4705-A82D-A7225CDC2057}.Release_ServerSide_Company|Mixed Platforms.Build.0 = Release|Any CPU
		{8EA81700-356A-4705-A82D-A7225CDC2057}.Release_ServerSide_Company|x86.ActiveCfg = Release|Any CPU
		{8EA81700-356A-4705-A82D-A7225CDC2057}.Release_ServerSide_校园网版_不验证|Any CPU.ActiveCfg = Release|Any CPU
		{8EA81700-356A-4705-A82D-A7225CDC2057}.Release_ServerSide_校园网版_不验证|Any CPU.Build.0 = Release|Any CPU
		{8EA81700-356A-4705-A82D-A7225CDC2057}.Release_ServerSide_校园网版_不验证|Mixed Platforms.ActiveCfg = Release|Any CPU
		{8EA81700-356A-4705-A82D-A7225CDC2057}.Release_ServerSide_校园网版_不验证|Mixed Platforms.Build.0 = Release|Any CPU
		{8EA81700-356A-4705-A82D-A7225CDC2057}.Release_ServerSide_校园网版_不验证|x86.ActiveCfg = Release|Any CPU
		{8EA81700-356A-4705-A82D-A7225CDC2057}.Release_ServerSide_校园网版|Any CPU.ActiveCfg = Release|Any CPU
		{8EA81700-356A-4705-A82D-A7225CDC2057}.Release_ServerSide_校园网版|Any CPU.Build.0 = Release|Any CPU
		{8EA81700-356A-4705-A82D-A7225CDC2057}.Release_ServerSide_校园网版|Mixed Platforms.ActiveCfg = Release|Any CPU
		{8EA81700-356A-4705-A82D-A7225CDC2057}.Release_ServerSide_校园网版|Mixed Platforms.Build.0 = Release|Any CPU
		{8EA81700-356A-4705-A82D-A7225CDC2057}.Release_ServerSide_校园网版|x86.ActiveCfg = Release|Any CPU
		{8EA81700-356A-4705-A82D-A7225CDC2057}.Release_ServerSide_校园网版不验证|Any CPU.ActiveCfg = Release|Any CPU
		{8EA81700-356A-4705-A82D-A7225CDC2057}.Release_ServerSide_校园网版不验证|Any CPU.Build.0 = Release|Any CPU
		{8EA81700-356A-4705-A82D-A7225CDC2057}.Release_ServerSide_校园网版不验证|Mixed Platforms.ActiveCfg = Release|Any CPU
		{8EA81700-356A-4705-A82D-A7225CDC2057}.Release_ServerSide_校园网版不验证|Mixed Platforms.Build.0 = Release|Any CPU
		{8EA81700-356A-4705-A82D-A7225CDC2057}.Release_ServerSide_校园网版不验证|x86.ActiveCfg = Release|Any CPU
		{8EA81700-356A-4705-A82D-A7225CDC2057}.Release_ServerSide_浙江|Any CPU.ActiveCfg = Release|Any CPU
		{8EA81700-356A-4705-A82D-A7225CDC2057}.Release_ServerSide_浙江|Any CPU.Build.0 = Release|Any CPU
		{8EA81700-356A-4705-A82D-A7225CDC2057}.Release_ServerSide_浙江|Mixed Platforms.ActiveCfg = Release|Any CPU
		{8EA81700-356A-4705-A82D-A7225CDC2057}.Release_ServerSide_浙江|Mixed Platforms.Build.0 = Release|Any CPU
		{8EA81700-356A-4705-A82D-A7225CDC2057}.Release_ServerSide_浙江|x86.ActiveCfg = Release|Any CPU
		{8EA81700-356A-4705-A82D-A7225CDC2057}.Release_ServerSide|Any CPU.ActiveCfg = Release|Any CPU
		{8EA81700-356A-4705-A82D-A7225CDC2057}.Release_ServerSide|Any CPU.Build.0 = Release|Any CPU
		{8EA81700-356A-4705-A82D-A7225CDC2057}.Release_ServerSide|Mixed Platforms.ActiveCfg = Release|Any CPU
		{8EA81700-356A-4705-A82D-A7225CDC2057}.Release_ServerSide|Mixed Platforms.Build.0 = Release|Any CPU
		{8EA81700-356A-4705-A82D-A7225CDC2057}.Release_ServerSide|x86.ActiveCfg = Release|Any CPU
		{8EA81700-356A-4705-A82D-A7225CDC2057}.Release_机房版|Any CPU.ActiveCfg = Release|Any CPU
		{8EA81700-356A-4705-A82D-A7225CDC2057}.Release_机房版|Any CPU.Build.0 = Release|Any CPU
		{8EA81700-356A-4705-A82D-A7225CDC2057}.Release_机房版|Mixed Platforms.ActiveCfg = Release|Any CPU
		{8EA81700-356A-4705-A82D-A7225CDC2057}.Release_机房版|Mixed Platforms.Build.0 = Release|Any CPU
		{8EA81700-356A-4705-A82D-A7225CDC2057}.Release_机房版|x86.ActiveCfg = Release|Any CPU
		{8EA81700-356A-4705-A82D-A7225CDC2057}.Release_宁夏|Any CPU.ActiveCfg = Release|Any CPU
		{8EA81700-356A-4705-A82D-A7225CDC2057}.Release_宁夏|Any CPU.Build.0 = Release|Any CPU
		{8EA81700-356A-4705-A82D-A7225CDC2057}.Release_宁夏|Mixed Platforms.ActiveCfg = Release|Any CPU
		{8EA81700-356A-4705-A82D-A7225CDC2057}.Release_宁夏|Mixed Platforms.Build.0 = Release|Any CPU
		{8EA81700-356A-4705-A82D-A7225CDC2057}.Release_宁夏|x86.ActiveCfg = Release|Any CPU
		{8EA81700-356A-4705-A82D-A7225CDC2057}.Release|Any CPU.ActiveCfg = Release|Any CPU
		{8EA81700-356A-4705-A82D-A7225CDC2057}.Release|Any CPU.Build.0 = Release|Any CPU
		{8EA81700-356A-4705-A82D-A7225CDC2057}.Release|Mixed Platforms.ActiveCfg = Release|Any CPU
		{8EA81700-356A-4705-A82D-A7225CDC2057}.Release|Mixed Platforms.Build.0 = Release|Any CPU
		{8EA81700-356A-4705-A82D-A7225CDC2057}.Release|x86.ActiveCfg = Release|Any CPU
		{8EA81700-356A-4705-A82D-A7225CDC2057}.测试Release|Any CPU.ActiveCfg = Release|Any CPU
		{8EA81700-356A-4705-A82D-A7225CDC2057}.测试Release|Any CPU.Build.0 = Release|Any CPU
		{8EA81700-356A-4705-A82D-A7225CDC2057}.测试Release|Mixed Platforms.ActiveCfg = Release|Any CPU
		{8EA81700-356A-4705-A82D-A7225CDC2057}.测试Release|Mixed Platforms.Build.0 = Release|Any CPU
		{8EA81700-356A-4705-A82D-A7225CDC2057}.测试Release|x86.ActiveCfg = Release|Any CPU
		{C4C551E3-1D60-4F71-BA5A-7A6DAD0D02D1}.Debug_Pack|Any CPU.ActiveCfg = Debug|Any CPU
		{C4C551E3-1D60-4F71-BA5A-7A6DAD0D02D1}.Debug_Pack|Any CPU.Build.0 = Debug|Any CPU
		{C4C551E3-1D60-4F71-BA5A-7A6DAD0D02D1}.Debug_Pack|Mixed Platforms.ActiveCfg = Debug|Any CPU
		{C4C551E3-1D60-4F71-BA5A-7A6DAD0D02D1}.Debug_Pack|Mixed Platforms.Build.0 = Debug|Any CPU
		{C4C551E3-1D60-4F71-BA5A-7A6DAD0D02D1}.Debug_Pack|x86.ActiveCfg = Debug|Any CPU
		{C4C551E3-1D60-4F71-BA5A-7A6DAD0D02D1}.Debug_ServerSide_Company|Any CPU.ActiveCfg = Debug|Any CPU
		{C4C551E3-1D60-4F71-BA5A-7A6DAD0D02D1}.Debug_ServerSide_Company|Any CPU.Build.0 = Debug|Any CPU
		{C4C551E3-1D60-4F71-BA5A-7A6DAD0D02D1}.Debug_ServerSide_Company|Mixed Platforms.ActiveCfg = Debug|Any CPU
		{C4C551E3-1D60-4F71-BA5A-7A6DAD0D02D1}.Debug_ServerSide_Company|Mixed Platforms.Build.0 = Debug|Any CPU
		{C4C551E3-1D60-4F71-BA5A-7A6DAD0D02D1}.Debug_ServerSide_Company|x86.ActiveCfg = Debug|Any CPU
		{C4C551E3-1D60-4F71-BA5A-7A6DAD0D02D1}.Debug_ServerSide_校园网版|Any CPU.ActiveCfg = Debug|Any CPU
		{C4C551E3-1D60-4F71-BA5A-7A6DAD0D02D1}.Debug_ServerSide_校园网版|Any CPU.Build.0 = Debug|Any CPU
		{C4C551E3-1D60-4F71-BA5A-7A6DAD0D02D1}.Debug_ServerSide_校园网版|Mixed Platforms.ActiveCfg = Debug|Any CPU
		{C4C551E3-1D60-4F71-BA5A-7A6DAD0D02D1}.Debug_ServerSide_校园网版|Mixed Platforms.Build.0 = Debug|Any CPU
		{C4C551E3-1D60-4F71-BA5A-7A6DAD0D02D1}.Debug_ServerSide_校园网版|x86.ActiveCfg = Debug|Any CPU
		{C4C551E3-1D60-4F71-BA5A-7A6DAD0D02D1}.Debug_ServerSide|Any CPU.ActiveCfg = Debug|Any CPU
		{C4C551E3-1D60-4F71-BA5A-7A6DAD0D02D1}.Debug_ServerSide|Any CPU.Build.0 = Debug|Any CPU
		{C4C551E3-1D60-4F71-BA5A-7A6DAD0D02D1}.Debug_ServerSide|Mixed Platforms.ActiveCfg = Debug|Any CPU
		{C4C551E3-1D60-4F71-BA5A-7A6DAD0D02D1}.Debug_ServerSide|Mixed Platforms.Build.0 = Debug|Any CPU
		{C4C551E3-1D60-4F71-BA5A-7A6DAD0D02D1}.Debug_ServerSide|x86.ActiveCfg = Debug|Any CPU
		{C4C551E3-1D60-4F71-BA5A-7A6DAD0D02D1}.DEBUG_服务端1440|Any CPU.ActiveCfg = Debug|Any CPU
		{C4C551E3-1D60-4F71-BA5A-7A6DAD0D02D1}.DEBUG_服务端1440|Any CPU.Build.0 = Debug|Any CPU
		{C4C551E3-1D60-4F71-BA5A-7A6DAD0D02D1}.DEBUG_服务端1440|Mixed Platforms.ActiveCfg = Debug|Any CPU
		{C4C551E3-1D60-4F71-BA5A-7A6DAD0D02D1}.DEBUG_服务端1440|Mixed Platforms.Build.0 = Debug|Any CPU
		{C4C551E3-1D60-4F71-BA5A-7A6DAD0D02D1}.DEBUG_服务端1440|x86.ActiveCfg = Debug|Any CPU
		{C4C551E3-1D60-4F71-BA5A-7A6DAD0D02D1}.Debug_机房版|Any CPU.ActiveCfg = Debug|Any CPU
		{C4C551E3-1D60-4F71-BA5A-7A6DAD0D02D1}.Debug_机房版|Any CPU.Build.0 = Debug|Any CPU
		{C4C551E3-1D60-4F71-BA5A-7A6DAD0D02D1}.Debug_机房版|Mixed Platforms.ActiveCfg = Debug|Any CPU
		{C4C551E3-1D60-4F71-BA5A-7A6DAD0D02D1}.Debug_机房版|Mixed Platforms.Build.0 = Debug|Any CPU
		{C4C551E3-1D60-4F71-BA5A-7A6DAD0D02D1}.Debug_机房版|x86.ActiveCfg = Debug|Any CPU
		{C4C551E3-1D60-4F71-BA5A-7A6DAD0D02D1}.Debug_离线版|Any CPU.ActiveCfg = Debug|Any CPU
		{C4C551E3-1D60-4F71-BA5A-7A6DAD0D02D1}.Debug_离线版|Any CPU.Build.0 = Debug|Any CPU
		{C4C551E3-1D60-4F71-BA5A-7A6DAD0D02D1}.Debug_离线版|Mixed Platforms.ActiveCfg = Debug|Any CPU
		{C4C551E3-1D60-4F71-BA5A-7A6DAD0D02D1}.Debug_离线版|Mixed Platforms.Build.0 = Debug|Any CPU
		{C4C551E3-1D60-4F71-BA5A-7A6DAD0D02D1}.Debug_离线版|x86.ActiveCfg = Debug|Any CPU
		{C4C551E3-1D60-4F71-BA5A-7A6DAD0D02D1}.Debug|Any CPU.ActiveCfg = Debug|Any CPU
		{C4C551E3-1D60-4F71-BA5A-7A6DAD0D02D1}.Debug|Any CPU.Build.0 = Debug|Any CPU
		{C4C551E3-1D60-4F71-BA5A-7A6DAD0D02D1}.Debug|Mixed Platforms.ActiveCfg = Debug|Any CPU
		{C4C551E3-1D60-4F71-BA5A-7A6DAD0D02D1}.Debug|Mixed Platforms.Build.0 = Debug|Any CPU
		{C4C551E3-1D60-4F71-BA5A-7A6DAD0D02D1}.Debug|x86.ActiveCfg = Debug|Any CPU
		{C4C551E3-1D60-4F71-BA5A-7A6DAD0D02D1}.Release_Pack_XPARTNER_离线|Any CPU.ActiveCfg = Release|Any CPU
		{C4C551E3-1D60-4F71-BA5A-7A6DAD0D02D1}.Release_Pack_XPARTNER_离线|Any CPU.Build.0 = Release|Any CPU
		{C4C551E3-1D60-4F71-BA5A-7A6DAD0D02D1}.Release_Pack_XPARTNER_离线|Mixed Platforms.ActiveCfg = Release|Any CPU
		{C4C551E3-1D60-4F71-BA5A-7A6DAD0D02D1}.Release_Pack_XPARTNER_离线|Mixed Platforms.Build.0 = Release|Any CPU
		{C4C551E3-1D60-4F71-BA5A-7A6DAD0D02D1}.Release_Pack_XPARTNER_离线|x86.ActiveCfg = Release|Any CPU
		{C4C551E3-1D60-4F71-BA5A-7A6DAD0D02D1}.Release_Pack_XPARTNER|Any CPU.ActiveCfg = Release|Any CPU
		{C4C551E3-1D60-4F71-BA5A-7A6DAD0D02D1}.Release_Pack_XPARTNER|Any CPU.Build.0 = Release|Any CPU
		{C4C551E3-1D60-4F71-BA5A-7A6DAD0D02D1}.Release_Pack_XPARTNER|Mixed Platforms.ActiveCfg = Release|Any CPU
		{C4C551E3-1D60-4F71-BA5A-7A6DAD0D02D1}.Release_Pack_XPARTNER|Mixed Platforms.Build.0 = Release|Any CPU
		{C4C551E3-1D60-4F71-BA5A-7A6DAD0D02D1}.Release_Pack_XPARTNER|x86.ActiveCfg = Release|Any CPU
		{C4C551E3-1D60-4F71-BA5A-7A6DAD0D02D1}.Release_Pack_机房版|Any CPU.ActiveCfg = Release|Any CPU
		{C4C551E3-1D60-4F71-BA5A-7A6DAD0D02D1}.Release_Pack_机房版|Any CPU.Build.0 = Release|Any CPU
		{C4C551E3-1D60-4F71-BA5A-7A6DAD0D02D1}.Release_Pack_机房版|Mixed Platforms.ActiveCfg = Release|Any CPU
		{C4C551E3-1D60-4F71-BA5A-7A6DAD0D02D1}.Release_Pack_机房版|Mixed Platforms.Build.0 = Release|Any CPU
		{C4C551E3-1D60-4F71-BA5A-7A6DAD0D02D1}.Release_Pack_机房版|x86.ActiveCfg = Release|Any CPU
		{C4C551E3-1D60-4F71-BA5A-7A6DAD0D02D1}.Release_Pack_宁夏|Any CPU.ActiveCfg = Release|Any CPU
		{C4C551E3-1D60-4F71-BA5A-7A6DAD0D02D1}.Release_Pack_宁夏|Any CPU.Build.0 = Release|Any CPU
		{C4C551E3-1D60-4F71-BA5A-7A6DAD0D02D1}.Release_Pack_宁夏|Mixed Platforms.ActiveCfg = Release|Any CPU
		{C4C551E3-1D60-4F71-BA5A-7A6DAD0D02D1}.Release_Pack_宁夏|Mixed Platforms.Build.0 = Release|Any CPU
		{C4C551E3-1D60-4F71-BA5A-7A6DAD0D02D1}.Release_Pack_宁夏|x86.ActiveCfg = Release|Any CPU
		{C4C551E3-1D60-4F71-BA5A-7A6DAD0D02D1}.Release_Pack|Any CPU.ActiveCfg = Release|Any CPU
		{C4C551E3-1D60-4F71-BA5A-7A6DAD0D02D1}.Release_Pack|Any CPU.Build.0 = Release|Any CPU
		{C4C551E3-1D60-4F71-BA5A-7A6DAD0D02D1}.Release_Pack|Mixed Platforms.ActiveCfg = Release|Any CPU
		{C4C551E3-1D60-4F71-BA5A-7A6DAD0D02D1}.Release_Pack|Mixed Platforms.Build.0 = Release|Any CPU
		{C4C551E3-1D60-4F71-BA5A-7A6DAD0D02D1}.Release_Pack|x86.ActiveCfg = Release|Any CPU
		{C4C551E3-1D60-4F71-BA5A-7A6DAD0D02D1}.Release_ServerSide_Company|Any CPU.ActiveCfg = Release|Any CPU
		{C4C551E3-1D60-4F71-BA5A-7A6DAD0D02D1}.Release_ServerSide_Company|Any CPU.Build.0 = Release|Any CPU
		{C4C551E3-1D60-4F71-BA5A-7A6DAD0D02D1}.Release_ServerSide_Company|Mixed Platforms.ActiveCfg = Release|Any CPU
		{C4C551E3-1D60-4F71-BA5A-7A6DAD0D02D1}.Release_ServerSide_Company|Mixed Platforms.Build.0 = Release|Any CPU
		{C4C551E3-1D60-4F71-BA5A-7A6DAD0D02D1}.Release_ServerSide_Company|x86.ActiveCfg = Release|Any CPU
		{C4C551E3-1D60-4F71-BA5A-7A6DAD0D02D1}.Release_ServerSide_校园网版_不验证|Any CPU.ActiveCfg = Release|Any CPU
		{C4C551E3-1D60-4F71-BA5A-7A6DAD0D02D1}.Release_ServerSide_校园网版_不验证|Any CPU.Build.0 = Release|Any CPU
		{C4C551E3-1D60-4F71-BA5A-7A6DAD0D02D1}.Release_ServerSide_校园网版_不验证|Mixed Platforms.ActiveCfg = Release|Any CPU
		{C4C551E3-1D60-4F71-BA5A-7A6DAD0D02D1}.Release_ServerSide_校园网版_不验证|Mixed Platforms.Build.0 = Release|Any CPU
		{C4C551E3-1D60-4F71-BA5A-7A6DAD0D02D1}.Release_ServerSide_校园网版_不验证|x86.ActiveCfg = Release|Any CPU
		{C4C551E3-1D60-4F71-BA5A-7A6DAD0D02D1}.Release_ServerSide_校园网版|Any CPU.ActiveCfg = Release|Any CPU
		{C4C551E3-1D60-4F71-BA5A-7A6DAD0D02D1}.Release_ServerSide_校园网版|Any CPU.Build.0 = Release|Any CPU
		{C4C551E3-1D60-4F71-BA5A-7A6DAD0D02D1}.Release_ServerSide_校园网版|Mixed Platforms.ActiveCfg = Release|Any CPU
		{C4C551E3-1D60-4F71-BA5A-7A6DAD0D02D1}.Release_ServerSide_校园网版|Mixed Platforms.Build.0 = Release|Any CPU
		{C4C551E3-1D60-4F71-BA5A-7A6DAD0D02D1}.Release_ServerSide_校园网版|x86.ActiveCfg = Release|Any CPU
		{C4C551E3-1D60-4F71-BA5A-7A6DAD0D02D1}.Release_ServerSide_校园网版不验证|Any CPU.ActiveCfg = Release|Any CPU
		{C4C551E3-1D60-4F71-BA5A-7A6DAD0D02D1}.Release_ServerSide_校园网版不验证|Any CPU.Build.0 = Release|Any CPU
		{C4C551E3-1D60-4F71-BA5A-7A6DAD0D02D1}.Release_ServerSide_校园网版不验证|Mixed Platforms.ActiveCfg = Release|Any CPU
		{C4C551E3-1D60-4F71-BA5A-7A6DAD0D02D1}.Release_ServerSide_校园网版不验证|Mixed Platforms.Build.0 = Release|Any CPU
		{C4C551E3-1D60-4F71-BA5A-7A6DAD0D02D1}.Release_ServerSide_校园网版不验证|x86.ActiveCfg = Release|Any CPU
		{C4C551E3-1D60-4F71-BA5A-7A6DAD0D02D1}.Release_ServerSide_浙江|Any CPU.ActiveCfg = Release|Any CPU
		{C4C551E3-1D60-4F71-BA5A-7A6DAD0D02D1}.Release_ServerSide_浙江|Any CPU.Build.0 = Release|Any CPU
		{C4C551E3-1D60-4F71-BA5A-7A6DAD0D02D1}.Release_ServerSide_浙江|Mixed Platforms.ActiveCfg = Release|Any CPU
		{C4C551E3-1D60-4F71-BA5A-7A6DAD0D02D1}.Release_ServerSide_浙江|Mixed Platforms.Build.0 = Release|Any CPU
		{C4C551E3-1D60-4F71-BA5A-7A6DAD0D02D1}.Release_ServerSide_浙江|x86.ActiveCfg = Release|Any CPU
		{C4C551E3-1D60-4F71-BA5A-7A6DAD0D02D1}.Release_ServerSide|Any CPU.ActiveCfg = Release|Any CPU
		{C4C551E3-1D60-4F71-BA5A-7A6DAD0D02D1}.Release_ServerSide|Any CPU.Build.0 = Release|Any CPU
		{C4C551E3-1D60-4F71-BA5A-7A6DAD0D02D1}.Release_ServerSide|Mixed Platforms.ActiveCfg = Release|Any CPU
		{C4C551E3-1D60-4F71-BA5A-7A6DAD0D02D1}.Release_ServerSide|Mixed Platforms.Build.0 = Release|Any CPU
		{C4C551E3-1D60-4F71-BA5A-7A6DAD0D02D1}.Release_ServerSide|x86.ActiveCfg = Release|Any CPU
		{C4C551E3-1D60-4F71-BA5A-7A6DAD0D02D1}.Release_机房版|Any CPU.ActiveCfg = Release|Any CPU
		{C4C551E3-1D60-4F71-BA5A-7A6DAD0D02D1}.Release_机房版|Any CPU.Build.0 = Release|Any CPU
		{C4C551E3-1D60-4F71-BA5A-7A6DAD0D02D1}.Release_机房版|Mixed Platforms.ActiveCfg = Release|Any CPU
		{C4C551E3-1D60-4F71-BA5A-7A6DAD0D02D1}.Release_机房版|Mixed Platforms.Build.0 = Release|Any CPU
		{C4C551E3-1D60-4F71-BA5A-7A6DAD0D02D1}.Release_机房版|x86.ActiveCfg = Release|Any CPU
		{C4C551E3-1D60-4F71-BA5A-7A6DAD0D02D1}.Release_宁夏|Any CPU.ActiveCfg = Release|Any CPU
		{C4C551E3-1D60-4F71-BA5A-7A6DAD0D02D1}.Release_宁夏|Any CPU.Build.0 = Release|Any CPU
		{C4C551E3-1D60-4F71-BA5A-7A6DAD0D02D1}.Release_宁夏|Mixed Platforms.ActiveCfg = Release|Any CPU
		{C4C551E3-1D60-4F71-BA5A-7A6DAD0D02D1}.Release_宁夏|Mixed Platforms.Build.0 = Release|Any CPU
		{C4C551E3-1D60-4F71-BA5A-7A6DAD0D02D1}.Release_宁夏|x86.ActiveCfg = Release|Any CPU
		{C4C551E3-1D60-4F71-BA5A-7A6DAD0D02D1}.Release|Any CPU.ActiveCfg = Release|Any CPU
		{C4C551E3-1D60-4F71-BA5A-7A6DAD0D02D1}.Release|Any CPU.Build.0 = Release|Any CPU
		{C4C551E3-1D60-4F71-BA5A-7A6DAD0D02D1}.Release|Mixed Platforms.ActiveCfg = Release|Any CPU
		{C4C551E3-1D60-4F71-BA5A-7A6DAD0D02D1}.Release|Mixed Platforms.Build.0 = Release|Any CPU
		{C4C551E3-1D60-4F71-BA5A-7A6DAD0D02D1}.Release|x86.ActiveCfg = Release|Any CPU
		{C4C551E3-1D60-4F71-BA5A-7A6DAD0D02D1}.测试Release|Any CPU.ActiveCfg = Release|Any CPU
		{C4C551E3-1D60-4F71-BA5A-7A6DAD0D02D1}.测试Release|Any CPU.Build.0 = Release|Any CPU
		{C4C551E3-1D60-4F71-BA5A-7A6DAD0D02D1}.测试Release|Mixed Platforms.ActiveCfg = Release|Any CPU
		{C4C551E3-1D60-4F71-BA5A-7A6DAD0D02D1}.测试Release|Mixed Platforms.Build.0 = Release|Any CPU
		{C4C551E3-1D60-4F71-BA5A-7A6DAD0D02D1}.测试Release|x86.ActiveCfg = Release|Any CPU
		{B3B4BE6F-29D5-4746-9C26-C475D0CBD863}.Debug_Pack|Any CPU.ActiveCfg = Debug_Pack|Any CPU
		{B3B4BE6F-29D5-4746-9C26-C475D0CBD863}.Debug_Pack|Any CPU.Build.0 = Debug_Pack|Any CPU
		{B3B4BE6F-29D5-4746-9C26-C475D0CBD863}.Debug_Pack|Mixed Platforms.ActiveCfg = Debug_Pack|x86
		{B3B4BE6F-29D5-4746-9C26-C475D0CBD863}.Debug_Pack|Mixed Platforms.Build.0 = Debug_Pack|x86
		{B3B4BE6F-29D5-4746-9C26-C475D0CBD863}.Debug_Pack|x86.ActiveCfg = Debug_Pack|x86
		{B3B4BE6F-29D5-4746-9C26-C475D0CBD863}.Debug_Pack|x86.Build.0 = Debug_Pack|x86
		{B3B4BE6F-29D5-4746-9C26-C475D0CBD863}.Debug_ServerSide_Company|Any CPU.ActiveCfg = Debug_ServerSide_Company|Any CPU
		{B3B4BE6F-29D5-4746-9C26-C475D0CBD863}.Debug_ServerSide_Company|Any CPU.Build.0 = Debug_ServerSide_Company|Any CPU
		{B3B4BE6F-29D5-4746-9C26-C475D0CBD863}.Debug_ServerSide_Company|Mixed Platforms.ActiveCfg = Debug_ServerSide_Company|x86
		{B3B4BE6F-29D5-4746-9C26-C475D0CBD863}.Debug_ServerSide_Company|Mixed Platforms.Build.0 = Debug_ServerSide_Company|x86
		{B3B4BE6F-29D5-4746-9C26-C475D0CBD863}.Debug_ServerSide_Company|x86.ActiveCfg = Debug_ServerSide_Company|x86
		{B3B4BE6F-29D5-4746-9C26-C475D0CBD863}.Debug_ServerSide_Company|x86.Build.0 = Debug_ServerSide_Company|x86
		{B3B4BE6F-29D5-4746-9C26-C475D0CBD863}.Debug_ServerSide_校园网版|Any CPU.ActiveCfg = Debug_ServerSide_校园网版|Any CPU
		{B3B4BE6F-29D5-4746-9C26-C475D0CBD863}.Debug_ServerSide_校园网版|Any CPU.Build.0 = Debug_ServerSide_校园网版|Any CPU
		{B3B4BE6F-29D5-4746-9C26-C475D0CBD863}.Debug_ServerSide_校园网版|Mixed Platforms.ActiveCfg = Debug_ServerSide_校园网版|x86
		{B3B4BE6F-29D5-4746-9C26-C475D0CBD863}.Debug_ServerSide_校园网版|Mixed Platforms.Build.0 = Debug_ServerSide_校园网版|x86
		{B3B4BE6F-29D5-4746-9C26-C475D0CBD863}.Debug_ServerSide_校园网版|x86.ActiveCfg = Debug_ServerSide_校园网版|x86
		{B3B4BE6F-29D5-4746-9C26-C475D0CBD863}.Debug_ServerSide_校园网版|x86.Build.0 = Debug_ServerSide_校园网版|x86
		{B3B4BE6F-29D5-4746-9C26-C475D0CBD863}.Debug_ServerSide|Any CPU.ActiveCfg = Debug_ServerSide|Any CPU
		{B3B4BE6F-29D5-4746-9C26-C475D0CBD863}.Debug_ServerSide|Any CPU.Build.0 = Debug_ServerSide|Any CPU
		{B3B4BE6F-29D5-4746-9C26-C475D0CBD863}.Debug_ServerSide|Mixed Platforms.ActiveCfg = Debug_ServerSide|x86
		{B3B4BE6F-29D5-4746-9C26-C475D0CBD863}.Debug_ServerSide|Mixed Platforms.Build.0 = Debug_ServerSide|x86
		{B3B4BE6F-29D5-4746-9C26-C475D0CBD863}.Debug_ServerSide|x86.ActiveCfg = Debug_ServerSide|x86
		{B3B4BE6F-29D5-4746-9C26-C475D0CBD863}.Debug_ServerSide|x86.Build.0 = Debug_ServerSide|x86
		{B3B4BE6F-29D5-4746-9C26-C475D0CBD863}.DEBUG_服务端1440|Any CPU.ActiveCfg = DEBUG_服务端1440|Any CPU
		{B3B4BE6F-29D5-4746-9C26-C475D0CBD863}.DEBUG_服务端1440|Any CPU.Build.0 = DEBUG_服务端1440|Any CPU
		{B3B4BE6F-29D5-4746-9C26-C475D0CBD863}.DEBUG_服务端1440|Mixed Platforms.ActiveCfg = DEBUG_服务端1440|x86
		{B3B4BE6F-29D5-4746-9C26-C475D0CBD863}.DEBUG_服务端1440|Mixed Platforms.Build.0 = DEBUG_服务端1440|x86
		{B3B4BE6F-29D5-4746-9C26-C475D0CBD863}.DEBUG_服务端1440|x86.ActiveCfg = DEBUG_服务端1440|x86
		{B3B4BE6F-29D5-4746-9C26-C475D0CBD863}.DEBUG_服务端1440|x86.Build.0 = DEBUG_服务端1440|x86
		{B3B4BE6F-29D5-4746-9C26-C475D0CBD863}.Debug_机房版|Any CPU.ActiveCfg = Debug_机房版|Any CPU
		{B3B4BE6F-29D5-4746-9C26-C475D0CBD863}.Debug_机房版|Any CPU.Build.0 = Debug_机房版|Any CPU
		{B3B4BE6F-29D5-4746-9C26-C475D0CBD863}.Debug_机房版|Mixed Platforms.ActiveCfg = Debug_机房版|x86
		{B3B4BE6F-29D5-4746-9C26-C475D0CBD863}.Debug_机房版|Mixed Platforms.Build.0 = Debug_机房版|x86
		{B3B4BE6F-29D5-4746-9C26-C475D0CBD863}.Debug_机房版|x86.ActiveCfg = Debug_机房版|x86
		{B3B4BE6F-29D5-4746-9C26-C475D0CBD863}.Debug_机房版|x86.Build.0 = Debug_机房版|x86
		{B3B4BE6F-29D5-4746-9C26-C475D0CBD863}.Debug_离线版|Any CPU.ActiveCfg = Debug_离线版|Any CPU
		{B3B4BE6F-29D5-4746-9C26-C475D0CBD863}.Debug_离线版|Any CPU.Build.0 = Debug_离线版|Any CPU
		{B3B4BE6F-29D5-4746-9C26-C475D0CBD863}.Debug_离线版|Mixed Platforms.ActiveCfg = Debug_离线版|x86
		{B3B4BE6F-29D5-4746-9C26-C475D0CBD863}.Debug_离线版|Mixed Platforms.Build.0 = Debug_离线版|x86
		{B3B4BE6F-29D5-4746-9C26-C475D0CBD863}.Debug_离线版|x86.ActiveCfg = Debug_离线版|x86
		{B3B4BE6F-29D5-4746-9C26-C475D0CBD863}.Debug_离线版|x86.Build.0 = Debug_离线版|x86
		{B3B4BE6F-29D5-4746-9C26-C475D0CBD863}.Debug|Any CPU.ActiveCfg = Debug|Any CPU
		{B3B4BE6F-29D5-4746-9C26-C475D0CBD863}.Debug|Any CPU.Build.0 = Debug|Any CPU
		{B3B4BE6F-29D5-4746-9C26-C475D0CBD863}.Debug|Mixed Platforms.ActiveCfg = Debug|x86
		{B3B4BE6F-29D5-4746-9C26-C475D0CBD863}.Debug|Mixed Platforms.Build.0 = Debug|x86
		{B3B4BE6F-29D5-4746-9C26-C475D0CBD863}.Debug|x86.ActiveCfg = Debug|x86
		{B3B4BE6F-29D5-4746-9C26-C475D0CBD863}.Debug|x86.Build.0 = Debug|x86
		{B3B4BE6F-29D5-4746-9C26-C475D0CBD863}.Release_Pack_XPARTNER_离线|Any CPU.ActiveCfg = Release_Pack_XPARTNER_离线|Any CPU
		{B3B4BE6F-29D5-4746-9C26-C475D0CBD863}.Release_Pack_XPARTNER_离线|Any CPU.Build.0 = Release_Pack_XPARTNER_离线|Any CPU
		{B3B4BE6F-29D5-4746-9C26-C475D0CBD863}.Release_Pack_XPARTNER_离线|Mixed Platforms.ActiveCfg = Release_Pack_XPARTNER_离线|x86
		{B3B4BE6F-29D5-4746-9C26-C475D0CBD863}.Release_Pack_XPARTNER_离线|Mixed Platforms.Build.0 = Release_Pack_XPARTNER_离线|x86
		{B3B4BE6F-29D5-4746-9C26-C475D0CBD863}.Release_Pack_XPARTNER_离线|x86.ActiveCfg = Release_Pack_XPARTNER_离线|x86
		{B3B4BE6F-29D5-4746-9C26-C475D0CBD863}.Release_Pack_XPARTNER_离线|x86.Build.0 = Release_Pack_XPARTNER_离线|x86
		{B3B4BE6F-29D5-4746-9C26-C475D0CBD863}.Release_Pack_XPARTNER|Any CPU.ActiveCfg = Release_Pack_XPARTNER|Any CPU
		{B3B4BE6F-29D5-4746-9C26-C475D0CBD863}.Release_Pack_XPARTNER|Any CPU.Build.0 = Release_Pack_XPARTNER|Any CPU
		{B3B4BE6F-29D5-4746-9C26-C475D0CBD863}.Release_Pack_XPARTNER|Mixed Platforms.ActiveCfg = Release_Pack_XPARTNER|x86
		{B3B4BE6F-29D5-4746-9C26-C475D0CBD863}.Release_Pack_XPARTNER|Mixed Platforms.Build.0 = Release_Pack_XPARTNER|x86
		{B3B4BE6F-29D5-4746-9C26-C475D0CBD863}.Release_Pack_XPARTNER|x86.ActiveCfg = Release_Pack_XPARTNER|x86
		{B3B4BE6F-29D5-4746-9C26-C475D0CBD863}.Release_Pack_XPARTNER|x86.Build.0 = Release_Pack_XPARTNER|x86
		{B3B4BE6F-29D5-4746-9C26-C475D0CBD863}.Release_Pack_机房版|Any CPU.ActiveCfg = Release_Pack_机房版|Any CPU
		{B3B4BE6F-29D5-4746-9C26-C475D0CBD863}.Release_Pack_机房版|Any CPU.Build.0 = Release_Pack_机房版|Any CPU
		{B3B4BE6F-29D5-4746-9C26-C475D0CBD863}.Release_Pack_机房版|Mixed Platforms.ActiveCfg = Release_Pack_机房版|x86
		{B3B4BE6F-29D5-4746-9C26-C475D0CBD863}.Release_Pack_机房版|Mixed Platforms.Build.0 = Release_Pack_机房版|x86
		{B3B4BE6F-29D5-4746-9C26-C475D0CBD863}.Release_Pack_机房版|x86.ActiveCfg = Release_Pack_机房版|x86
		{B3B4BE6F-29D5-4746-9C26-C475D0CBD863}.Release_Pack_机房版|x86.Build.0 = Release_Pack_机房版|x86
		{B3B4BE6F-29D5-4746-9C26-C475D0CBD863}.Release_Pack_宁夏|Any CPU.ActiveCfg = Release_Pack_宁夏|Any CPU
		{B3B4BE6F-29D5-4746-9C26-C475D0CBD863}.Release_Pack_宁夏|Any CPU.Build.0 = Release_Pack_宁夏|Any CPU
		{B3B4BE6F-29D5-4746-9C26-C475D0CBD863}.Release_Pack_宁夏|Mixed Platforms.ActiveCfg = Release_Pack_宁夏|x86
		{B3B4BE6F-29D5-4746-9C26-C475D0CBD863}.Release_Pack_宁夏|Mixed Platforms.Build.0 = Release_Pack_宁夏|x86
		{B3B4BE6F-29D5-4746-9C26-C475D0CBD863}.Release_Pack_宁夏|x86.ActiveCfg = Release_Pack_宁夏|x86
		{B3B4BE6F-29D5-4746-9C26-C475D0CBD863}.Release_Pack_宁夏|x86.Build.0 = Release_Pack_宁夏|x86
		{B3B4BE6F-29D5-4746-9C26-C475D0CBD863}.Release_Pack|Any CPU.ActiveCfg = Release_Pack|Any CPU
		{B3B4BE6F-29D5-4746-9C26-C475D0CBD863}.Release_Pack|Any CPU.Build.0 = Release_Pack|Any CPU
		{B3B4BE6F-29D5-4746-9C26-C475D0CBD863}.Release_Pack|Mixed Platforms.ActiveCfg = Release_Pack|x86
		{B3B4BE6F-29D5-4746-9C26-C475D0CBD863}.Release_Pack|Mixed Platforms.Build.0 = Release_Pack|x86
		{B3B4BE6F-29D5-4746-9C26-C475D0CBD863}.Release_Pack|x86.ActiveCfg = Release_Pack|x86
		{B3B4BE6F-29D5-4746-9C26-C475D0CBD863}.Release_Pack|x86.Build.0 = Release_Pack|x86
		{B3B4BE6F-29D5-4746-9C26-C475D0CBD863}.Release_ServerSide_Company|Any CPU.ActiveCfg = Release_ServerSide_Company|Any CPU
		{B3B4BE6F-29D5-4746-9C26-C475D0CBD863}.Release_ServerSide_Company|Any CPU.Build.0 = Release_ServerSide_Company|Any CPU
		{B3B4BE6F-29D5-4746-9C26-C475D0CBD863}.Release_ServerSide_Company|Mixed Platforms.ActiveCfg = Release_ServerSide_Company|x86
		{B3B4BE6F-29D5-4746-9C26-C475D0CBD863}.Release_ServerSide_Company|Mixed Platforms.Build.0 = Release_ServerSide_Company|x86
		{B3B4BE6F-29D5-4746-9C26-C475D0CBD863}.Release_ServerSide_Company|x86.ActiveCfg = Release_ServerSide_Company|x86
		{B3B4BE6F-29D5-4746-9C26-C475D0CBD863}.Release_ServerSide_Company|x86.Build.0 = Release_ServerSide_Company|x86
		{B3B4BE6F-29D5-4746-9C26-C475D0CBD863}.Release_ServerSide_校园网版_不验证|Any CPU.ActiveCfg = Release_ServerSide_校园网版_不验证|Any CPU
		{B3B4BE6F-29D5-4746-9C26-C475D0CBD863}.Release_ServerSide_校园网版_不验证|Any CPU.Build.0 = Release_ServerSide_校园网版_不验证|Any CPU
		{B3B4BE6F-29D5-4746-9C26-C475D0CBD863}.Release_ServerSide_校园网版_不验证|Mixed Platforms.ActiveCfg = Release_ServerSide_校园网版_不验证|x86
		{B3B4BE6F-29D5-4746-9C26-C475D0CBD863}.Release_ServerSide_校园网版_不验证|Mixed Platforms.Build.0 = Release_ServerSide_校园网版_不验证|x86
		{B3B4BE6F-29D5-4746-9C26-C475D0CBD863}.Release_ServerSide_校园网版_不验证|x86.ActiveCfg = Release_ServerSide_校园网版_不验证|x86
		{B3B4BE6F-29D5-4746-9C26-C475D0CBD863}.Release_ServerSide_校园网版_不验证|x86.Build.0 = Release_ServerSide_校园网版_不验证|x86
		{B3B4BE6F-29D5-4746-9C26-C475D0CBD863}.Release_ServerSide_校园网版|Any CPU.ActiveCfg = Release_ServerSide_校园网版|Any CPU
		{B3B4BE6F-29D5-4746-9C26-C475D0CBD863}.Release_ServerSide_校园网版|Any CPU.Build.0 = Release_ServerSide_校园网版|Any CPU
		{B3B4BE6F-29D5-4746-9C26-C475D0CBD863}.Release_ServerSide_校园网版|Mixed Platforms.ActiveCfg = Release_ServerSide_校园网版|x86
		{B3B4BE6F-29D5-4746-9C26-C475D0CBD863}.Release_ServerSide_校园网版|Mixed Platforms.Build.0 = Release_ServerSide_校园网版|x86
		{B3B4BE6F-29D5-4746-9C26-C475D0CBD863}.Release_ServerSide_校园网版|x86.ActiveCfg = Release_ServerSide_校园网版|x86
		{B3B4BE6F-29D5-4746-9C26-C475D0CBD863}.Release_ServerSide_校园网版|x86.Build.0 = Release_ServerSide_校园网版|x86
		{B3B4BE6F-29D5-4746-9C26-C475D0CBD863}.Release_ServerSide_校园网版不验证|Any CPU.ActiveCfg = Release_ServerSide_校园网版不验证|Any CPU
		{B3B4BE6F-29D5-4746-9C26-C475D0CBD863}.Release_ServerSide_校园网版不验证|Any CPU.Build.0 = Release_ServerSide_校园网版不验证|Any CPU
		{B3B4BE6F-29D5-4746-9C26-C475D0CBD863}.Release_ServerSide_校园网版不验证|Mixed Platforms.ActiveCfg = Release_ServerSide_校园网版不验证|x86
		{B3B4BE6F-29D5-4746-9C26-C475D0CBD863}.Release_ServerSide_校园网版不验证|Mixed Platforms.Build.0 = Release_ServerSide_校园网版不验证|x86
		{B3B4BE6F-29D5-4746-9C26-C475D0CBD863}.Release_ServerSide_校园网版不验证|x86.ActiveCfg = Release_ServerSide_校园网版不验证|x86
		{B3B4BE6F-29D5-4746-9C26-C475D0CBD863}.Release_ServerSide_校园网版不验证|x86.Build.0 = Release_ServerSide_校园网版不验证|x86
		{B3B4BE6F-29D5-4746-9C26-C475D0CBD863}.Release_ServerSide_浙江|Any CPU.ActiveCfg = Release_ServerSide_浙江|Any CPU
		{B3B4BE6F-29D5-4746-9C26-C475D0CBD863}.Release_ServerSide_浙江|Any CPU.Build.0 = Release_ServerSide_浙江|Any CPU
		{B3B4BE6F-29D5-4746-9C26-C475D0CBD863}.Release_ServerSide_浙江|Mixed Platforms.ActiveCfg = Release_ServerSide_浙江|x86
		{B3B4BE6F-29D5-4746-9C26-C475D0CBD863}.Release_ServerSide_浙江|Mixed Platforms.Build.0 = Release_ServerSide_浙江|x86
		{B3B4BE6F-29D5-4746-9C26-C475D0CBD863}.Release_ServerSide_浙江|x86.ActiveCfg = Release_ServerSide_浙江|x86
		{B3B4BE6F-29D5-4746-9C26-C475D0CBD863}.Release_ServerSide_浙江|x86.Build.0 = Release_ServerSide_浙江|x86
		{B3B4BE6F-29D5-4746-9C26-C475D0CBD863}.Release_ServerSide|Any CPU.ActiveCfg = Release_ServerSide|Any CPU
		{B3B4BE6F-29D5-4746-9C26-C475D0CBD863}.Release_ServerSide|Any CPU.Build.0 = Release_ServerSide|Any CPU
		{B3B4BE6F-29D5-4746-9C26-C475D0CBD863}.Release_ServerSide|Mixed Platforms.ActiveCfg = Release_ServerSide|x86
		{B3B4BE6F-29D5-4746-9C26-C475D0CBD863}.Release_ServerSide|Mixed Platforms.Build.0 = Release_ServerSide|x86
		{B3B4BE6F-29D5-4746-9C26-C475D0CBD863}.Release_ServerSide|x86.ActiveCfg = Release_ServerSide|x86
		{B3B4BE6F-29D5-4746-9C26-C475D0CBD863}.Release_ServerSide|x86.Build.0 = Release_ServerSide|x86
		{B3B4BE6F-29D5-4746-9C26-C475D0CBD863}.Release_机房版|Any CPU.ActiveCfg = Release_机房版|Any CPU
		{B3B4BE6F-29D5-4746-9C26-C475D0CBD863}.Release_机房版|Any CPU.Build.0 = Release_机房版|Any CPU
		{B3B4BE6F-29D5-4746-9C26-C475D0CBD863}.Release_机房版|Mixed Platforms.ActiveCfg = Release_机房版|x86
		{B3B4BE6F-29D5-4746-9C26-C475D0CBD863}.Release_机房版|Mixed Platforms.Build.0 = Release_机房版|x86
		{B3B4BE6F-29D5-4746-9C26-C475D0CBD863}.Release_机房版|x86.ActiveCfg = Release_机房版|x86
		{B3B4BE6F-29D5-4746-9C26-C475D0CBD863}.Release_机房版|x86.Build.0 = Release_机房版|x86
		{B3B4BE6F-29D5-4746-9C26-C475D0CBD863}.Release_宁夏|Any CPU.ActiveCfg = Release_宁夏|Any CPU
		{B3B4BE6F-29D5-4746-9C26-C475D0CBD863}.Release_宁夏|Any CPU.Build.0 = Release_宁夏|Any CPU
		{B3B4BE6F-29D5-4746-9C26-C475D0CBD863}.Release_宁夏|Mixed Platforms.ActiveCfg = Release_宁夏|x86
		{B3B4BE6F-29D5-4746-9C26-C475D0CBD863}.Release_宁夏|Mixed Platforms.Build.0 = Release_宁夏|x86
		{B3B4BE6F-29D5-4746-9C26-C475D0CBD863}.Release_宁夏|x86.ActiveCfg = Release_宁夏|x86
		{B3B4BE6F-29D5-4746-9C26-C475D0CBD863}.Release_宁夏|x86.Build.0 = Release_宁夏|x86
		{B3B4BE6F-29D5-4746-9C26-C475D0CBD863}.Release|Any CPU.ActiveCfg = Release|Any CPU
		{B3B4BE6F-29D5-4746-9C26-C475D0CBD863}.Release|Any CPU.Build.0 = Release|Any CPU
		{B3B4BE6F-29D5-4746-9C26-C475D0CBD863}.Release|Mixed Platforms.ActiveCfg = Release|x86
		{B3B4BE6F-29D5-4746-9C26-C475D0CBD863}.Release|Mixed Platforms.Build.0 = Release|x86
		{B3B4BE6F-29D5-4746-9C26-C475D0CBD863}.Release|x86.ActiveCfg = Release|x86
		{B3B4BE6F-29D5-4746-9C26-C475D0CBD863}.Release|x86.Build.0 = Release|x86
		{B3B4BE6F-29D5-4746-9C26-C475D0CBD863}.测试Release|Any CPU.ActiveCfg = 测试Release|Any CPU
		{B3B4BE6F-29D5-4746-9C26-C475D0CBD863}.测试Release|Any CPU.Build.0 = 测试Release|Any CPU
		{B3B4BE6F-29D5-4746-9C26-C475D0CBD863}.测试Release|Mixed Platforms.ActiveCfg = 测试Release|x86
		{B3B4BE6F-29D5-4746-9C26-C475D0CBD863}.测试Release|Mixed Platforms.Build.0 = 测试Release|x86
		{B3B4BE6F-29D5-4746-9C26-C475D0CBD863}.测试Release|x86.ActiveCfg = 测试Release|x86
		{B3B4BE6F-29D5-4746-9C26-C475D0CBD863}.测试Release|x86.Build.0 = 测试Release|x86
		{383395B1-F2C4-4478-988E-EFD7BBABF7A2}.Debug_Pack|Any CPU.ActiveCfg = Debug_Pack|Any CPU
		{383395B1-F2C4-4478-988E-EFD7BBABF7A2}.Debug_Pack|Any CPU.Build.0 = Debug_Pack|Any CPU
		{383395B1-F2C4-4478-988E-EFD7BBABF7A2}.Debug_Pack|Mixed Platforms.ActiveCfg = Debug_Pack|x86
		{383395B1-F2C4-4478-988E-EFD7BBABF7A2}.Debug_Pack|Mixed Platforms.Build.0 = Debug_Pack|x86
		{383395B1-F2C4-4478-988E-EFD7BBABF7A2}.Debug_Pack|x86.ActiveCfg = Debug_Pack|x86
		{383395B1-F2C4-4478-988E-EFD7BBABF7A2}.Debug_Pack|x86.Build.0 = Debug_Pack|x86
		{383395B1-F2C4-4478-988E-EFD7BBABF7A2}.Debug_ServerSide_Company|Any CPU.ActiveCfg = Debug_ServerSide_Company|Any CPU
		{383395B1-F2C4-4478-988E-EFD7BBABF7A2}.Debug_ServerSide_Company|Any CPU.Build.0 = Debug_ServerSide_Company|Any CPU
		{383395B1-F2C4-4478-988E-EFD7BBABF7A2}.Debug_ServerSide_Company|Mixed Platforms.ActiveCfg = Debug_ServerSide_Company|x86
		{383395B1-F2C4-4478-988E-EFD7BBABF7A2}.Debug_ServerSide_Company|Mixed Platforms.Build.0 = Debug_ServerSide_Company|x86
		{383395B1-F2C4-4478-988E-EFD7BBABF7A2}.Debug_ServerSide_Company|x86.ActiveCfg = Debug_ServerSide_Company|x86
		{383395B1-F2C4-4478-988E-EFD7BBABF7A2}.Debug_ServerSide_Company|x86.Build.0 = Debug_ServerSide_Company|x86
		{383395B1-F2C4-4478-988E-EFD7BBABF7A2}.Debug_ServerSide_校园网版|Any CPU.ActiveCfg = Debug_ServerSide_校园网版|Any CPU
		{383395B1-F2C4-4478-988E-EFD7BBABF7A2}.Debug_ServerSide_校园网版|Any CPU.Build.0 = Debug_ServerSide_校园网版|Any CPU
		{383395B1-F2C4-4478-988E-EFD7BBABF7A2}.Debug_ServerSide_校园网版|Mixed Platforms.ActiveCfg = Debug_ServerSide_校园网版|x86
		{383395B1-F2C4-4478-988E-EFD7BBABF7A2}.Debug_ServerSide_校园网版|Mixed Platforms.Build.0 = Debug_ServerSide_校园网版|x86
		{383395B1-F2C4-4478-988E-EFD7BBABF7A2}.Debug_ServerSide_校园网版|x86.ActiveCfg = Debug_ServerSide_校园网版|x86
		{383395B1-F2C4-4478-988E-EFD7BBABF7A2}.Debug_ServerSide_校园网版|x86.Build.0 = Debug_ServerSide_校园网版|x86
		{383395B1-F2C4-4478-988E-EFD7BBABF7A2}.Debug_ServerSide|Any CPU.ActiveCfg = Debug_ServerSide_校园网版|Any CPU
		{383395B1-F2C4-4478-988E-EFD7BBABF7A2}.Debug_ServerSide|Any CPU.Build.0 = Debug_ServerSide_校园网版|Any CPU
		{383395B1-F2C4-4478-988E-EFD7BBABF7A2}.Debug_ServerSide|Mixed Platforms.ActiveCfg = Debug_ServerSide_校园网版|x86
		{383395B1-F2C4-4478-988E-EFD7BBABF7A2}.Debug_ServerSide|Mixed Platforms.Build.0 = Debug_ServerSide_校园网版|x86
		{383395B1-F2C4-4478-988E-EFD7BBABF7A2}.Debug_ServerSide|x86.ActiveCfg = Debug_ServerSide_校园网版|x86
		{383395B1-F2C4-4478-988E-EFD7BBABF7A2}.Debug_ServerSide|x86.Build.0 = Debug_ServerSide_校园网版|x86
		{383395B1-F2C4-4478-988E-EFD7BBABF7A2}.DEBUG_服务端1440|Any CPU.ActiveCfg = DEBUG_服务端1440|Any CPU
		{383395B1-F2C4-4478-988E-EFD7BBABF7A2}.DEBUG_服务端1440|Any CPU.Build.0 = DEBUG_服务端1440|Any CPU
		{383395B1-F2C4-4478-988E-EFD7BBABF7A2}.DEBUG_服务端1440|Mixed Platforms.ActiveCfg = DEBUG_服务端1440|x86
		{383395B1-F2C4-4478-988E-EFD7BBABF7A2}.DEBUG_服务端1440|Mixed Platforms.Build.0 = DEBUG_服务端1440|x86
		{383395B1-F2C4-4478-988E-EFD7BBABF7A2}.DEBUG_服务端1440|x86.ActiveCfg = DEBUG_服务端1440|x86
		{383395B1-F2C4-4478-988E-EFD7BBABF7A2}.DEBUG_服务端1440|x86.Build.0 = DEBUG_服务端1440|x86
		{383395B1-F2C4-4478-988E-EFD7BBABF7A2}.Debug_机房版|Any CPU.ActiveCfg = Debug_机房版|Any CPU
		{383395B1-F2C4-4478-988E-EFD7BBABF7A2}.Debug_机房版|Any CPU.Build.0 = Debug_机房版|Any CPU
		{383395B1-F2C4-4478-988E-EFD7BBABF7A2}.Debug_机房版|Mixed Platforms.ActiveCfg = Debug_机房版|x86
		{383395B1-F2C4-4478-988E-EFD7BBABF7A2}.Debug_机房版|Mixed Platforms.Build.0 = Debug_机房版|x86
		{383395B1-F2C4-4478-988E-EFD7BBABF7A2}.Debug_机房版|x86.ActiveCfg = Debug_机房版|x86
		{383395B1-F2C4-4478-988E-EFD7BBABF7A2}.Debug_机房版|x86.Build.0 = Debug_机房版|x86
		{383395B1-F2C4-4478-988E-EFD7BBABF7A2}.Debug_离线版|Any CPU.ActiveCfg = Debug_离线版|Any CPU
		{383395B1-F2C4-4478-988E-EFD7BBABF7A2}.Debug_离线版|Any CPU.Build.0 = Debug_离线版|Any CPU
		{383395B1-F2C4-4478-988E-EFD7BBABF7A2}.Debug_离线版|Mixed Platforms.ActiveCfg = Debug_离线版|x86
		{383395B1-F2C4-4478-988E-EFD7BBABF7A2}.Debug_离线版|Mixed Platforms.Build.0 = Debug_离线版|x86
		{383395B1-F2C4-4478-988E-EFD7BBABF7A2}.Debug_离线版|x86.ActiveCfg = Debug_离线版|x86
		{383395B1-F2C4-4478-988E-EFD7BBABF7A2}.Debug_离线版|x86.Build.0 = Debug_离线版|x86
		{383395B1-F2C4-4478-988E-EFD7BBABF7A2}.Debug|Any CPU.ActiveCfg = Debug|Any CPU
		{383395B1-F2C4-4478-988E-EFD7BBABF7A2}.Debug|Any CPU.Build.0 = Debug|Any CPU
		{383395B1-F2C4-4478-988E-EFD7BBABF7A2}.Debug|Mixed Platforms.ActiveCfg = Debug|x86
		{383395B1-F2C4-4478-988E-EFD7BBABF7A2}.Debug|Mixed Platforms.Build.0 = Debug|x86
		{383395B1-F2C4-4478-988E-EFD7BBABF7A2}.Debug|x86.ActiveCfg = Debug|x86
		{383395B1-F2C4-4478-988E-EFD7BBABF7A2}.Debug|x86.Build.0 = Debug|x86
		{383395B1-F2C4-4478-988E-EFD7BBABF7A2}.Release_Pack_XPARTNER_离线|Any CPU.ActiveCfg = Release_Pack_XPARTNER_离线|Any CPU
		{383395B1-F2C4-4478-988E-EFD7BBABF7A2}.Release_Pack_XPARTNER_离线|Any CPU.Build.0 = Release_Pack_XPARTNER_离线|Any CPU
		{383395B1-F2C4-4478-988E-EFD7BBABF7A2}.Release_Pack_XPARTNER_离线|Mixed Platforms.ActiveCfg = Release_Pack_XPARTNER_离线|x86
		{383395B1-F2C4-4478-988E-EFD7BBABF7A2}.Release_Pack_XPARTNER_离线|Mixed Platforms.Build.0 = Release_Pack_XPARTNER_离线|x86
		{383395B1-F2C4-4478-988E-EFD7BBABF7A2}.Release_Pack_XPARTNER_离线|x86.ActiveCfg = Release_Pack_XPARTNER_离线|x86
		{383395B1-F2C4-4478-988E-EFD7BBABF7A2}.Release_Pack_XPARTNER_离线|x86.Build.0 = Release_Pack_XPARTNER_离线|x86
		{383395B1-F2C4-4478-988E-EFD7BBABF7A2}.Release_Pack_XPARTNER|Any CPU.ActiveCfg = Release_Pack_XPARTNER|Any CPU
		{383395B1-F2C4-4478-988E-EFD7BBABF7A2}.Release_Pack_XPARTNER|Any CPU.Build.0 = Release_Pack_XPARTNER|Any CPU
		{383395B1-F2C4-4478-988E-EFD7BBABF7A2}.Release_Pack_XPARTNER|Mixed Platforms.ActiveCfg = Release_Pack_XPARTNER|x86
		{383395B1-F2C4-4478-988E-EFD7BBABF7A2}.Release_Pack_XPARTNER|Mixed Platforms.Build.0 = Release_Pack_XPARTNER|x86
		{383395B1-F2C4-4478-988E-EFD7BBABF7A2}.Release_Pack_XPARTNER|x86.ActiveCfg = Release_Pack_XPARTNER|x86
		{383395B1-F2C4-4478-988E-EFD7BBABF7A2}.Release_Pack_XPARTNER|x86.Build.0 = Release_Pack_XPARTNER|x86
		{383395B1-F2C4-4478-988E-EFD7BBABF7A2}.Release_Pack_机房版|Any CPU.ActiveCfg = Release_Pack_机房版|Any CPU
		{383395B1-F2C4-4478-988E-EFD7BBABF7A2}.Release_Pack_机房版|Any CPU.Build.0 = Release_Pack_机房版|Any CPU
		{383395B1-F2C4-4478-988E-EFD7BBABF7A2}.Release_Pack_机房版|Mixed Platforms.ActiveCfg = Release_Pack_机房版|x86
		{383395B1-F2C4-4478-988E-EFD7BBABF7A2}.Release_Pack_机房版|Mixed Platforms.Build.0 = Release_Pack_机房版|x86
		{383395B1-F2C4-4478-988E-EFD7BBABF7A2}.Release_Pack_机房版|x86.ActiveCfg = Release_Pack_机房版|x86
		{383395B1-F2C4-4478-988E-EFD7BBABF7A2}.Release_Pack_机房版|x86.Build.0 = Release_Pack_机房版|x86
		{383395B1-F2C4-4478-988E-EFD7BBABF7A2}.Release_Pack_宁夏|Any CPU.ActiveCfg = Release_Pack_宁夏|Any CPU
		{383395B1-F2C4-4478-988E-EFD7BBABF7A2}.Release_Pack_宁夏|Any CPU.Build.0 = Release_Pack_宁夏|Any CPU
		{383395B1-F2C4-4478-988E-EFD7BBABF7A2}.Release_Pack_宁夏|Mixed Platforms.ActiveCfg = Release_Pack_宁夏|x86
		{383395B1-F2C4-4478-988E-EFD7BBABF7A2}.Release_Pack_宁夏|Mixed Platforms.Build.0 = Release_Pack_宁夏|x86
		{383395B1-F2C4-4478-988E-EFD7BBABF7A2}.Release_Pack_宁夏|x86.ActiveCfg = Release_Pack_宁夏|x86
		{383395B1-F2C4-4478-988E-EFD7BBABF7A2}.Release_Pack_宁夏|x86.Build.0 = Release_Pack_宁夏|x86
		{383395B1-F2C4-4478-988E-EFD7BBABF7A2}.Release_Pack|Any CPU.ActiveCfg = Release_Pack|Any CPU
		{383395B1-F2C4-4478-988E-EFD7BBABF7A2}.Release_Pack|Any CPU.Build.0 = Release_Pack|Any CPU
		{383395B1-F2C4-4478-988E-EFD7BBABF7A2}.Release_Pack|Mixed Platforms.ActiveCfg = Release_Pack|x86
		{383395B1-F2C4-4478-988E-EFD7BBABF7A2}.Release_Pack|Mixed Platforms.Build.0 = Release_Pack|x86
		{383395B1-F2C4-4478-988E-EFD7BBABF7A2}.Release_Pack|x86.ActiveCfg = Release_Pack|x86
		{383395B1-F2C4-4478-988E-EFD7BBABF7A2}.Release_Pack|x86.Build.0 = Release_Pack|x86
		{383395B1-F2C4-4478-988E-EFD7BBABF7A2}.Release_ServerSide_Company|Any CPU.ActiveCfg = Release_ServerSide_Company|Any CPU
		{383395B1-F2C4-4478-988E-EFD7BBABF7A2}.Release_ServerSide_Company|Any CPU.Build.0 = Release_ServerSide_Company|Any CPU
		{383395B1-F2C4-4478-988E-EFD7BBABF7A2}.Release_ServerSide_Company|Mixed Platforms.ActiveCfg = Release_ServerSide_Company|x86
		{383395B1-F2C4-4478-988E-EFD7BBABF7A2}.Release_ServerSide_Company|Mixed Platforms.Build.0 = Release_ServerSide_Company|x86
		{383395B1-F2C4-4478-988E-EFD7BBABF7A2}.Release_ServerSide_Company|x86.ActiveCfg = Release_ServerSide_Company|x86
		{383395B1-F2C4-4478-988E-EFD7BBABF7A2}.Release_ServerSide_Company|x86.Build.0 = Release_ServerSide_Company|x86
		{383395B1-F2C4-4478-988E-EFD7BBABF7A2}.Release_ServerSide_校园网版_不验证|Any CPU.ActiveCfg = Release_ServerSide_校园网版|Any CPU
		{383395B1-F2C4-4478-988E-EFD7BBABF7A2}.Release_ServerSide_校园网版_不验证|Any CPU.Build.0 = Release_ServerSide_校园网版|Any CPU
		{383395B1-F2C4-4478-988E-EFD7BBABF7A2}.Release_ServerSide_校园网版_不验证|Mixed Platforms.ActiveCfg = Release_ServerSide_校园网版|x86
		{383395B1-F2C4-4478-988E-EFD7BBABF7A2}.Release_ServerSide_校园网版_不验证|Mixed Platforms.Build.0 = Release_ServerSide_校园网版|x86
		{383395B1-F2C4-4478-988E-EFD7BBABF7A2}.Release_ServerSide_校园网版_不验证|x86.ActiveCfg = Release_ServerSide_校园网版|x86
		{383395B1-F2C4-4478-988E-EFD7BBABF7A2}.Release_ServerSide_校园网版_不验证|x86.Build.0 = Release_ServerSide_校园网版|x86
		{383395B1-F2C4-4478-988E-EFD7BBABF7A2}.Release_ServerSide_校园网版|Any CPU.ActiveCfg = Release_ServerSide_校园网版|Any CPU
		{383395B1-F2C4-4478-988E-EFD7BBABF7A2}.Release_ServerSide_校园网版|Any CPU.Build.0 = Release_ServerSide_校园网版|Any CPU
		{383395B1-F2C4-4478-988E-EFD7BBABF7A2}.Release_ServerSide_校园网版|Mixed Platforms.ActiveCfg = Release_ServerSide_校园网版|x86
		{383395B1-F2C4-4478-988E-EFD7BBABF7A2}.Release_ServerSide_校园网版|Mixed Platforms.Build.0 = Release_ServerSide_校园网版|x86
		{383395B1-F2C4-4478-988E-EFD7BBABF7A2}.Release_ServerSide_校园网版|x86.ActiveCfg = Release_ServerSide_校园网版|x86
		{383395B1-F2C4-4478-988E-EFD7BBABF7A2}.Release_ServerSide_校园网版|x86.Build.0 = Release_ServerSide_校园网版|x86
		{383395B1-F2C4-4478-988E-EFD7BBABF7A2}.Release_ServerSide_校园网版不验证|Any CPU.ActiveCfg = Release_ServerSide_校园网版|Any CPU
		{383395B1-F2C4-4478-988E-EFD7BBABF7A2}.Release_ServerSide_校园网版不验证|Any CPU.Build.0 = Release_ServerSide_校园网版|Any CPU
		{383395B1-F2C4-4478-988E-EFD7BBABF7A2}.Release_ServerSide_校园网版不验证|Mixed Platforms.ActiveCfg = Release_ServerSide_校园网版|x86
		{383395B1-F2C4-4478-988E-EFD7BBABF7A2}.Release_ServerSide_校园网版不验证|Mixed Platforms.Build.0 = Release_ServerSide_校园网版|x86
		{383395B1-F2C4-4478-988E-EFD7BBABF7A2}.Release_ServerSide_校园网版不验证|x86.ActiveCfg = Release_ServerSide_校园网版|x86
		{383395B1-F2C4-4478-988E-EFD7BBABF7A2}.Release_ServerSide_校园网版不验证|x86.Build.0 = Release_ServerSide_校园网版|x86
		{383395B1-F2C4-4478-988E-EFD7BBABF7A2}.Release_ServerSide_浙江|Any CPU.ActiveCfg = Release_ServerSide_浙江|Any CPU
		{383395B1-F2C4-4478-988E-EFD7BBABF7A2}.Release_ServerSide_浙江|Any CPU.Build.0 = Release_ServerSide_浙江|Any CPU
		{383395B1-F2C4-4478-988E-EFD7BBABF7A2}.Release_ServerSide_浙江|Mixed Platforms.ActiveCfg = Release_ServerSide_浙江|x86
		{383395B1-F2C4-4478-988E-EFD7BBABF7A2}.Release_ServerSide_浙江|Mixed Platforms.Build.0 = Release_ServerSide_浙江|x86
		{383395B1-F2C4-4478-988E-EFD7BBABF7A2}.Release_ServerSide_浙江|x86.ActiveCfg = Release_ServerSide_浙江|x86
		{383395B1-F2C4-4478-988E-EFD7BBABF7A2}.Release_ServerSide_浙江|x86.Build.0 = Release_ServerSide_浙江|x86
		{383395B1-F2C4-4478-988E-EFD7BBABF7A2}.Release_ServerSide|Any CPU.ActiveCfg = Release_ServerSide_浙江|Any CPU
		{383395B1-F2C4-4478-988E-EFD7BBABF7A2}.Release_ServerSide|Any CPU.Build.0 = Release_ServerSide_浙江|Any CPU
		{383395B1-F2C4-4478-988E-EFD7BBABF7A2}.Release_ServerSide|Mixed Platforms.ActiveCfg = Release_ServerSide_浙江|x86
		{383395B1-F2C4-4478-988E-EFD7BBABF7A2}.Release_ServerSide|Mixed Platforms.Build.0 = Release_ServerSide_浙江|x86
		{383395B1-F2C4-4478-988E-EFD7BBABF7A2}.Release_ServerSide|x86.ActiveCfg = Release_ServerSide_浙江|x86
		{383395B1-F2C4-4478-988E-EFD7BBABF7A2}.Release_ServerSide|x86.Build.0 = Release_ServerSide_浙江|x86
		{383395B1-F2C4-4478-988E-EFD7BBABF7A2}.Release_机房版|Any CPU.ActiveCfg = Release_机房版|Any CPU
		{383395B1-F2C4-4478-988E-EFD7BBABF7A2}.Release_机房版|Any CPU.Build.0 = Release_机房版|Any CPU
		{383395B1-F2C4-4478-988E-EFD7BBABF7A2}.Release_机房版|Mixed Platforms.ActiveCfg = Release_机房版|x86
		{383395B1-F2C4-4478-988E-EFD7BBABF7A2}.Release_机房版|Mixed Platforms.Build.0 = Release_机房版|x86
		{383395B1-F2C4-4478-988E-EFD7BBABF7A2}.Release_机房版|x86.ActiveCfg = Release_机房版|x86
		{383395B1-F2C4-4478-988E-EFD7BBABF7A2}.Release_机房版|x86.Build.0 = Release_机房版|x86
		{383395B1-F2C4-4478-988E-EFD7BBABF7A2}.Release_宁夏|Any CPU.ActiveCfg = Release_宁夏|Any CPU
		{383395B1-F2C4-4478-988E-EFD7BBABF7A2}.Release_宁夏|Any CPU.Build.0 = Release_宁夏|Any CPU
		{383395B1-F2C4-4478-988E-EFD7BBABF7A2}.Release_宁夏|Mixed Platforms.ActiveCfg = Release_宁夏|x86
		{383395B1-F2C4-4478-988E-EFD7BBABF7A2}.Release_宁夏|Mixed Platforms.Build.0 = Release_宁夏|x86
		{383395B1-F2C4-4478-988E-EFD7BBABF7A2}.Release_宁夏|x86.ActiveCfg = Release_宁夏|x86
		{383395B1-F2C4-4478-988E-EFD7BBABF7A2}.Release_宁夏|x86.Build.0 = Release_宁夏|x86
		{383395B1-F2C4-4478-988E-EFD7BBABF7A2}.Release|Any CPU.ActiveCfg = Release|Any CPU
		{383395B1-F2C4-4478-988E-EFD7BBABF7A2}.Release|Any CPU.Build.0 = Release|Any CPU
		{383395B1-F2C4-4478-988E-EFD7BBABF7A2}.Release|Mixed Platforms.ActiveCfg = Release|x86
		{383395B1-F2C4-4478-988E-EFD7BBABF7A2}.Release|Mixed Platforms.Build.0 = Release|x86
		{383395B1-F2C4-4478-988E-EFD7BBABF7A2}.Release|x86.ActiveCfg = Release|x86
		{383395B1-F2C4-4478-988E-EFD7BBABF7A2}.Release|x86.Build.0 = Release|x86
		{383395B1-F2C4-4478-988E-EFD7BBABF7A2}.测试Release|Any CPU.ActiveCfg = Release|Any CPU
		{383395B1-F2C4-4478-988E-EFD7BBABF7A2}.测试Release|Any CPU.Build.0 = Release|Any CPU
		{383395B1-F2C4-4478-988E-EFD7BBABF7A2}.测试Release|Mixed Platforms.ActiveCfg = Release|x86
		{383395B1-F2C4-4478-988E-EFD7BBABF7A2}.测试Release|Mixed Platforms.Build.0 = Release|x86
		{383395B1-F2C4-4478-988E-EFD7BBABF7A2}.测试Release|x86.ActiveCfg = Release|x86
		{383395B1-F2C4-4478-988E-EFD7BBABF7A2}.测试Release|x86.Build.0 = Release|x86
		{6B88136C-FA81-4713-9F74-ECC92277067A}.Debug_Pack|Any CPU.ActiveCfg = Debug|x86
		{6B88136C-FA81-4713-9F74-ECC92277067A}.Debug_Pack|Mixed Platforms.ActiveCfg = Debug|x86
		{6B88136C-FA81-4713-9F74-ECC92277067A}.Debug_Pack|Mixed Platforms.Build.0 = Debug|x86
		{6B88136C-FA81-4713-9F74-ECC92277067A}.Debug_Pack|x86.ActiveCfg = Debug|x86
		{6B88136C-FA81-4713-9F74-ECC92277067A}.Debug_Pack|x86.Build.0 = Debug|x86
		{6B88136C-FA81-4713-9F74-ECC92277067A}.Debug_ServerSide_Company|Any CPU.ActiveCfg = Debug|x86
		{6B88136C-FA81-4713-9F74-ECC92277067A}.Debug_ServerSide_Company|Mixed Platforms.ActiveCfg = Debug|x86
		{6B88136C-FA81-4713-9F74-ECC92277067A}.Debug_ServerSide_Company|Mixed Platforms.Build.0 = Debug|x86
		{6B88136C-FA81-4713-9F74-ECC92277067A}.Debug_ServerSide_Company|x86.ActiveCfg = Debug|x86
		{6B88136C-FA81-4713-9F74-ECC92277067A}.Debug_ServerSide_Company|x86.Build.0 = Debug|x86
		{6B88136C-FA81-4713-9F74-ECC92277067A}.Debug_ServerSide_校园网版|Any CPU.ActiveCfg = Debug|x86
		{6B88136C-FA81-4713-9F74-ECC92277067A}.Debug_ServerSide_校园网版|Mixed Platforms.ActiveCfg = Debug|x86
		{6B88136C-FA81-4713-9F74-ECC92277067A}.Debug_ServerSide_校园网版|Mixed Platforms.Build.0 = Debug|x86
		{6B88136C-FA81-4713-9F74-ECC92277067A}.Debug_ServerSide_校园网版|x86.ActiveCfg = Debug|x86
		{6B88136C-FA81-4713-9F74-ECC92277067A}.Debug_ServerSide_校园网版|x86.Build.0 = Debug|x86
		{6B88136C-FA81-4713-9F74-ECC92277067A}.Debug_ServerSide|Any CPU.ActiveCfg = Debug|x86
		{6B88136C-FA81-4713-9F74-ECC92277067A}.Debug_ServerSide|Mixed Platforms.ActiveCfg = Debug|x86
		{6B88136C-FA81-4713-9F74-ECC92277067A}.Debug_ServerSide|Mixed Platforms.Build.0 = Debug|x86
		{6B88136C-FA81-4713-9F74-ECC92277067A}.Debug_ServerSide|x86.ActiveCfg = Debug|x86
		{6B88136C-FA81-4713-9F74-ECC92277067A}.Debug_ServerSide|x86.Build.0 = Debug|x86
		{6B88136C-FA81-4713-9F74-ECC92277067A}.DEBUG_服务端1440|Any CPU.ActiveCfg = Debug|x86
		{6B88136C-FA81-4713-9F74-ECC92277067A}.DEBUG_服务端1440|Mixed Platforms.ActiveCfg = Debug|x86
		{6B88136C-FA81-4713-9F74-ECC92277067A}.DEBUG_服务端1440|Mixed Platforms.Build.0 = Debug|x86
		{6B88136C-FA81-4713-9F74-ECC92277067A}.DEBUG_服务端1440|x86.ActiveCfg = Debug|x86
		{6B88136C-FA81-4713-9F74-ECC92277067A}.DEBUG_服务端1440|x86.Build.0 = Debug|x86
		{6B88136C-FA81-4713-9F74-ECC92277067A}.Debug_机房版|Any CPU.ActiveCfg = Debug|x86
		{6B88136C-FA81-4713-9F74-ECC92277067A}.Debug_机房版|Mixed Platforms.ActiveCfg = Debug|x86
		{6B88136C-FA81-4713-9F74-ECC92277067A}.Debug_机房版|Mixed Platforms.Build.0 = Debug|x86
		{6B88136C-FA81-4713-9F74-ECC92277067A}.Debug_机房版|x86.ActiveCfg = Debug|x86
		{6B88136C-FA81-4713-9F74-ECC92277067A}.Debug_机房版|x86.Build.0 = Debug|x86
		{6B88136C-FA81-4713-9F74-ECC92277067A}.Debug_离线版|Any CPU.ActiveCfg = Debug|x86
		{6B88136C-FA81-4713-9F74-ECC92277067A}.Debug_离线版|Mixed Platforms.ActiveCfg = Debug|x86
		{6B88136C-FA81-4713-9F74-ECC92277067A}.Debug_离线版|Mixed Platforms.Build.0 = Debug|x86
		{6B88136C-FA81-4713-9F74-ECC92277067A}.Debug_离线版|x86.ActiveCfg = Debug|x86
		{6B88136C-FA81-4713-9F74-ECC92277067A}.Debug_离线版|x86.Build.0 = Debug|x86
		{6B88136C-FA81-4713-9F74-ECC92277067A}.Debug|Any CPU.ActiveCfg = Debug|x86
		{6B88136C-FA81-4713-9F74-ECC92277067A}.Debug|Mixed Platforms.ActiveCfg = Debug|x86
		{6B88136C-FA81-4713-9F74-ECC92277067A}.Debug|Mixed Platforms.Build.0 = Debug|x86
		{6B88136C-FA81-4713-9F74-ECC92277067A}.Debug|x86.ActiveCfg = Debug|x86
		{6B88136C-FA81-4713-9F74-ECC92277067A}.Debug|x86.Build.0 = Debug|x86
		{6B88136C-FA81-4713-9F74-ECC92277067A}.Release_Pack_XPARTNER_离线|Any CPU.ActiveCfg = Release|x86
		{6B88136C-FA81-4713-9F74-ECC92277067A}.Release_Pack_XPARTNER_离线|Mixed Platforms.ActiveCfg = Release|x86
		{6B88136C-FA81-4713-9F74-ECC92277067A}.Release_Pack_XPARTNER_离线|Mixed Platforms.Build.0 = Release|x86
		{6B88136C-FA81-4713-9F74-ECC92277067A}.Release_Pack_XPARTNER_离线|x86.ActiveCfg = Release|x86
		{6B88136C-FA81-4713-9F74-ECC92277067A}.Release_Pack_XPARTNER_离线|x86.Build.0 = Release|x86
		{6B88136C-FA81-4713-9F74-ECC92277067A}.Release_Pack_XPARTNER|Any CPU.ActiveCfg = Release|x86
		{6B88136C-FA81-4713-9F74-ECC92277067A}.Release_Pack_XPARTNER|Mixed Platforms.ActiveCfg = Release|x86
		{6B88136C-FA81-4713-9F74-ECC92277067A}.Release_Pack_XPARTNER|Mixed Platforms.Build.0 = Release|x86
		{6B88136C-FA81-4713-9F74-ECC92277067A}.Release_Pack_XPARTNER|x86.ActiveCfg = Release|x86
		{6B88136C-FA81-4713-9F74-ECC92277067A}.Release_Pack_XPARTNER|x86.Build.0 = Release|x86
		{6B88136C-FA81-4713-9F74-ECC92277067A}.Release_Pack_机房版|Any CPU.ActiveCfg = Release|x86
		{6B88136C-FA81-4713-9F74-ECC92277067A}.Release_Pack_机房版|Mixed Platforms.ActiveCfg = Release|x86
		{6B88136C-FA81-4713-9F74-ECC92277067A}.Release_Pack_机房版|Mixed Platforms.Build.0 = Release|x86
		{6B88136C-FA81-4713-9F74-ECC92277067A}.Release_Pack_机房版|x86.ActiveCfg = Release|x86
		{6B88136C-FA81-4713-9F74-ECC92277067A}.Release_Pack_机房版|x86.Build.0 = Release|x86
		{6B88136C-FA81-4713-9F74-ECC92277067A}.Release_Pack_宁夏|Any CPU.ActiveCfg = Release|x86
		{6B88136C-FA81-4713-9F74-ECC92277067A}.Release_Pack_宁夏|Mixed Platforms.ActiveCfg = Release|x86
		{6B88136C-FA81-4713-9F74-ECC92277067A}.Release_Pack_宁夏|Mixed Platforms.Build.0 = Release|x86
		{6B88136C-FA81-4713-9F74-ECC92277067A}.Release_Pack_宁夏|x86.ActiveCfg = Release|x86
		{6B88136C-FA81-4713-9F74-ECC92277067A}.Release_Pack_宁夏|x86.Build.0 = Release|x86
		{6B88136C-FA81-4713-9F74-ECC92277067A}.Release_Pack|Any CPU.ActiveCfg = Release|x86
		{6B88136C-FA81-4713-9F74-ECC92277067A}.Release_Pack|Mixed Platforms.ActiveCfg = Release|x86
		{6B88136C-FA81-4713-9F74-ECC92277067A}.Release_Pack|Mixed Platforms.Build.0 = Release|x86
		{6B88136C-FA81-4713-9F74-ECC92277067A}.Release_Pack|x86.ActiveCfg = Release|x86
		{6B88136C-FA81-4713-9F74-ECC92277067A}.Release_Pack|x86.Build.0 = Release|x86
		{6B88136C-FA81-4713-9F74-ECC92277067A}.Release_ServerSide_Company|Any CPU.ActiveCfg = Release|x86
		{6B88136C-FA81-4713-9F74-ECC92277067A}.Release_ServerSide_Company|Mixed Platforms.ActiveCfg = Release|x86
		{6B88136C-FA81-4713-9F74-ECC92277067A}.Release_ServerSide_Company|Mixed Platforms.Build.0 = Release|x86
		{6B88136C-FA81-4713-9F74-ECC92277067A}.Release_ServerSide_Company|x86.ActiveCfg = Release|x86
		{6B88136C-FA81-4713-9F74-ECC92277067A}.Release_ServerSide_Company|x86.Build.0 = Release|x86
		{6B88136C-FA81-4713-9F74-ECC92277067A}.Release_ServerSide_校园网版_不验证|Any CPU.ActiveCfg = Release|x86
		{6B88136C-FA81-4713-9F74-ECC92277067A}.Release_ServerSide_校园网版_不验证|Mixed Platforms.ActiveCfg = Release|x86
		{6B88136C-FA81-4713-9F74-ECC92277067A}.Release_ServerSide_校园网版_不验证|Mixed Platforms.Build.0 = Release|x86
		{6B88136C-FA81-4713-9F74-ECC92277067A}.Release_ServerSide_校园网版_不验证|x86.ActiveCfg = Release|x86
		{6B88136C-FA81-4713-9F74-ECC92277067A}.Release_ServerSide_校园网版_不验证|x86.Build.0 = Release|x86
		{6B88136C-FA81-4713-9F74-ECC92277067A}.Release_ServerSide_校园网版|Any CPU.ActiveCfg = Release|x86
		{6B88136C-FA81-4713-9F74-ECC92277067A}.Release_ServerSide_校园网版|Mixed Platforms.ActiveCfg = Release|x86
		{6B88136C-FA81-4713-9F74-ECC92277067A}.Release_ServerSide_校园网版|Mixed Platforms.Build.0 = Release|x86
		{6B88136C-FA81-4713-9F74-ECC92277067A}.Release_ServerSide_校园网版|x86.ActiveCfg = Release|x86
		{6B88136C-FA81-4713-9F74-ECC92277067A}.Release_ServerSide_校园网版|x86.Build.0 = Release|x86
		{6B88136C-FA81-4713-9F74-ECC92277067A}.Release_ServerSide_校园网版不验证|Any CPU.ActiveCfg = Release|x86
		{6B88136C-FA81-4713-9F74-ECC92277067A}.Release_ServerSide_校园网版不验证|Mixed Platforms.ActiveCfg = Release|x86
		{6B88136C-FA81-4713-9F74-ECC92277067A}.Release_ServerSide_校园网版不验证|Mixed Platforms.Build.0 = Release|x86
		{6B88136C-FA81-4713-9F74-ECC92277067A}.Release_ServerSide_校园网版不验证|x86.ActiveCfg = Release|x86
		{6B88136C-FA81-4713-9F74-ECC92277067A}.Release_ServerSide_校园网版不验证|x86.Build.0 = Release|x86
		{6B88136C-FA81-4713-9F74-ECC92277067A}.Release_ServerSide_浙江|Any CPU.ActiveCfg = Release|x86
		{6B88136C-FA81-4713-9F74-ECC92277067A}.Release_ServerSide_浙江|Mixed Platforms.ActiveCfg = Release|x86
		{6B88136C-FA81-4713-9F74-ECC92277067A}.Release_ServerSide_浙江|Mixed Platforms.Build.0 = Release|x86
		{6B88136C-FA81-4713-9F74-ECC92277067A}.Release_ServerSide_浙江|x86.ActiveCfg = Release|x86
		{6B88136C-FA81-4713-9F74-ECC92277067A}.Release_ServerSide_浙江|x86.Build.0 = Release|x86
		{6B88136C-FA81-4713-9F74-ECC92277067A}.Release_ServerSide|Any CPU.ActiveCfg = Release|x86
		{6B88136C-FA81-4713-9F74-ECC92277067A}.Release_ServerSide|Mixed Platforms.ActiveCfg = Release|x86
		{6B88136C-FA81-4713-9F74-ECC92277067A}.Release_ServerSide|Mixed Platforms.Build.0 = Release|x86
		{6B88136C-FA81-4713-9F74-ECC92277067A}.Release_ServerSide|x86.ActiveCfg = Release|x86
		{6B88136C-FA81-4713-9F74-ECC92277067A}.Release_ServerSide|x86.Build.0 = Release|x86
		{6B88136C-FA81-4713-9F74-ECC92277067A}.Release_机房版|Any CPU.ActiveCfg = Release|x86
		{6B88136C-FA81-4713-9F74-ECC92277067A}.Release_机房版|Mixed Platforms.ActiveCfg = Release|x86
		{6B88136C-FA81-4713-9F74-ECC92277067A}.Release_机房版|Mixed Platforms.Build.0 = Release|x86
		{6B88136C-FA81-4713-9F74-ECC92277067A}.Release_机房版|x86.ActiveCfg = Release|x86
		{6B88136C-FA81-4713-9F74-ECC92277067A}.Release_机房版|x86.Build.0 = Release|x86
		{6B88136C-FA81-4713-9F74-ECC92277067A}.Release_宁夏|Any CPU.ActiveCfg = Release|x86
		{6B88136C-FA81-4713-9F74-ECC92277067A}.Release_宁夏|Mixed Platforms.ActiveCfg = Release|x86
		{6B88136C-FA81-4713-9F74-ECC92277067A}.Release_宁夏|Mixed Platforms.Build.0 = Release|x86
		{6B88136C-FA81-4713-9F74-ECC92277067A}.Release_宁夏|x86.ActiveCfg = Release|x86
		{6B88136C-FA81-4713-9F74-ECC92277067A}.Release_宁夏|x86.Build.0 = Release|x86
		{6B88136C-FA81-4713-9F74-ECC92277067A}.Release|Any CPU.ActiveCfg = Release|x86
		{6B88136C-FA81-4713-9F74-ECC92277067A}.Release|Mixed Platforms.ActiveCfg = Release|x86
		{6B88136C-FA81-4713-9F74-ECC92277067A}.Release|Mixed Platforms.Build.0 = Release|x86
		{6B88136C-FA81-4713-9F74-ECC92277067A}.Release|x86.ActiveCfg = Release|x86
		{6B88136C-FA81-4713-9F74-ECC92277067A}.Release|x86.Build.0 = Release|x86
		{6B88136C-FA81-4713-9F74-ECC92277067A}.测试Release|Any CPU.ActiveCfg = Release|x86
		{6B88136C-FA81-4713-9F74-ECC92277067A}.测试Release|Mixed Platforms.ActiveCfg = Release|x86
		{6B88136C-FA81-4713-9F74-ECC92277067A}.测试Release|Mixed Platforms.Build.0 = Release|x86
		{6B88136C-FA81-4713-9F74-ECC92277067A}.测试Release|x86.ActiveCfg = Release|x86
		{6B88136C-FA81-4713-9F74-ECC92277067A}.测试Release|x86.Build.0 = Release|x86
		{10A689CF-76A2-4A4F-96E4-553C33398438}.Debug_Pack|Any CPU.ActiveCfg = Debug|Any CPU
		{10A689CF-76A2-4A4F-96E4-553C33398438}.Debug_Pack|Any CPU.Build.0 = Debug|Any CPU
		{10A689CF-76A2-4A4F-96E4-553C33398438}.Debug_Pack|Mixed Platforms.ActiveCfg = Debug|Any CPU
		{10A689CF-76A2-4A4F-96E4-553C33398438}.Debug_Pack|Mixed Platforms.Build.0 = Debug|Any CPU
		{10A689CF-76A2-4A4F-96E4-553C33398438}.Debug_Pack|x86.ActiveCfg = Debug|Any CPU
		{10A689CF-76A2-4A4F-96E4-553C33398438}.Debug_ServerSide_Company|Any CPU.ActiveCfg = Debug|Any CPU
		{10A689CF-76A2-4A4F-96E4-553C33398438}.Debug_ServerSide_Company|Any CPU.Build.0 = Debug|Any CPU
		{10A689CF-76A2-4A4F-96E4-553C33398438}.Debug_ServerSide_Company|Mixed Platforms.ActiveCfg = Debug|Any CPU
		{10A689CF-76A2-4A4F-96E4-553C33398438}.Debug_ServerSide_Company|Mixed Platforms.Build.0 = Debug|Any CPU
		{10A689CF-76A2-4A4F-96E4-553C33398438}.Debug_ServerSide_Company|x86.ActiveCfg = Debug|Any CPU
		{10A689CF-76A2-4A4F-96E4-553C33398438}.Debug_ServerSide_校园网版|Any CPU.ActiveCfg = Debug|Any CPU
		{10A689CF-76A2-4A4F-96E4-553C33398438}.Debug_ServerSide_校园网版|Any CPU.Build.0 = Debug|Any CPU
		{10A689CF-76A2-4A4F-96E4-553C33398438}.Debug_ServerSide_校园网版|Mixed Platforms.ActiveCfg = Debug|Any CPU
		{10A689CF-76A2-4A4F-96E4-553C33398438}.Debug_ServerSide_校园网版|Mixed Platforms.Build.0 = Debug|Any CPU
		{10A689CF-76A2-4A4F-96E4-553C33398438}.Debug_ServerSide_校园网版|x86.ActiveCfg = Debug|Any CPU
		{10A689CF-76A2-4A4F-96E4-553C33398438}.Debug_ServerSide|Any CPU.ActiveCfg = Debug|Any CPU
		{10A689CF-76A2-4A4F-96E4-553C33398438}.Debug_ServerSide|Any CPU.Build.0 = Debug|Any CPU
		{10A689CF-76A2-4A4F-96E4-553C33398438}.Debug_ServerSide|Mixed Platforms.ActiveCfg = Debug|Any CPU
		{10A689CF-76A2-4A4F-96E4-553C33398438}.Debug_ServerSide|Mixed Platforms.Build.0 = Debug|Any CPU
		{10A689CF-76A2-4A4F-96E4-553C33398438}.Debug_ServerSide|x86.ActiveCfg = Debug|Any CPU
		{10A689CF-76A2-4A4F-96E4-553C33398438}.DEBUG_服务端1440|Any CPU.ActiveCfg = Debug|Any CPU
		{10A689CF-76A2-4A4F-96E4-553C33398438}.DEBUG_服务端1440|Any CPU.Build.0 = Debug|Any CPU
		{10A689CF-76A2-4A4F-96E4-553C33398438}.DEBUG_服务端1440|Mixed Platforms.ActiveCfg = Debug|Any CPU
		{10A689CF-76A2-4A4F-96E4-553C33398438}.DEBUG_服务端1440|Mixed Platforms.Build.0 = Debug|Any CPU
		{10A689CF-76A2-4A4F-96E4-553C33398438}.DEBUG_服务端1440|x86.ActiveCfg = Debug|Any CPU
		{10A689CF-76A2-4A4F-96E4-553C33398438}.Debug_机房版|Any CPU.ActiveCfg = Debug|Any CPU
		{10A689CF-76A2-4A4F-96E4-553C33398438}.Debug_机房版|Any CPU.Build.0 = Debug|Any CPU
		{10A689CF-76A2-4A4F-96E4-553C33398438}.Debug_机房版|Mixed Platforms.ActiveCfg = Debug|Any CPU
		{10A689CF-76A2-4A4F-96E4-553C33398438}.Debug_机房版|Mixed Platforms.Build.0 = Debug|Any CPU
		{10A689CF-76A2-4A4F-96E4-553C33398438}.Debug_机房版|x86.ActiveCfg = Debug|Any CPU
		{10A689CF-76A2-4A4F-96E4-553C33398438}.Debug_离线版|Any CPU.ActiveCfg = Debug|Any CPU
		{10A689CF-76A2-4A4F-96E4-553C33398438}.Debug_离线版|Any CPU.Build.0 = Debug|Any CPU
		{10A689CF-76A2-4A4F-96E4-553C33398438}.Debug_离线版|Mixed Platforms.ActiveCfg = Debug|Any CPU
		{10A689CF-76A2-4A4F-96E4-553C33398438}.Debug_离线版|Mixed Platforms.Build.0 = Debug|Any CPU
		{10A689CF-76A2-4A4F-96E4-553C33398438}.Debug_离线版|x86.ActiveCfg = Debug|Any CPU
		{10A689CF-76A2-4A4F-96E4-553C33398438}.Debug|Any CPU.ActiveCfg = Debug|Any CPU
		{10A689CF-76A2-4A4F-96E4-553C33398438}.Debug|Any CPU.Build.0 = Debug|Any CPU
		{10A689CF-76A2-4A4F-96E4-553C33398438}.Debug|Mixed Platforms.ActiveCfg = Debug|Any CPU
		{10A689CF-76A2-4A4F-96E4-553C33398438}.Debug|Mixed Platforms.Build.0 = Debug|Any CPU
		{10A689CF-76A2-4A4F-96E4-553C33398438}.Debug|x86.ActiveCfg = Debug|Any CPU
		{10A689CF-76A2-4A4F-96E4-553C33398438}.Release_Pack_XPARTNER_离线|Any CPU.ActiveCfg = Release|Any CPU
		{10A689CF-76A2-4A4F-96E4-553C33398438}.Release_Pack_XPARTNER_离线|Any CPU.Build.0 = Release|Any CPU
		{10A689CF-76A2-4A4F-96E4-553C33398438}.Release_Pack_XPARTNER_离线|Mixed Platforms.ActiveCfg = Release|Any CPU
		{10A689CF-76A2-4A4F-96E4-553C33398438}.Release_Pack_XPARTNER_离线|Mixed Platforms.Build.0 = Release|Any CPU
		{10A689CF-76A2-4A4F-96E4-553C33398438}.Release_Pack_XPARTNER_离线|x86.ActiveCfg = Release|Any CPU
		{10A689CF-76A2-4A4F-96E4-553C33398438}.Release_Pack_XPARTNER|Any CPU.ActiveCfg = Release|Any CPU
		{10A689CF-76A2-4A4F-96E4-553C33398438}.Release_Pack_XPARTNER|Any CPU.Build.0 = Release|Any CPU
		{10A689CF-76A2-4A4F-96E4-553C33398438}.Release_Pack_XPARTNER|Mixed Platforms.ActiveCfg = Release|Any CPU
		{10A689CF-76A2-4A4F-96E4-553C33398438}.Release_Pack_XPARTNER|Mixed Platforms.Build.0 = Release|Any CPU
		{10A689CF-76A2-4A4F-96E4-553C33398438}.Release_Pack_XPARTNER|x86.ActiveCfg = Release|Any CPU
		{10A689CF-76A2-4A4F-96E4-553C33398438}.Release_Pack_机房版|Any CPU.ActiveCfg = Release|Any CPU
		{10A689CF-76A2-4A4F-96E4-553C33398438}.Release_Pack_机房版|Any CPU.Build.0 = Release|Any CPU
		{10A689CF-76A2-4A4F-96E4-553C33398438}.Release_Pack_机房版|Mixed Platforms.ActiveCfg = Release|Any CPU
		{10A689CF-76A2-4A4F-96E4-553C33398438}.Release_Pack_机房版|Mixed Platforms.Build.0 = Release|Any CPU
		{10A689CF-76A2-4A4F-96E4-553C33398438}.Release_Pack_机房版|x86.ActiveCfg = Release|Any CPU
		{10A689CF-76A2-4A4F-96E4-553C33398438}.Release_Pack_宁夏|Any CPU.ActiveCfg = Release|Any CPU
		{10A689CF-76A2-4A4F-96E4-553C33398438}.Release_Pack_宁夏|Any CPU.Build.0 = Release|Any CPU
		{10A689CF-76A2-4A4F-96E4-553C33398438}.Release_Pack_宁夏|Mixed Platforms.ActiveCfg = Release|Any CPU
		{10A689CF-76A2-4A4F-96E4-553C33398438}.Release_Pack_宁夏|Mixed Platforms.Build.0 = Release|Any CPU
		{10A689CF-76A2-4A4F-96E4-553C33398438}.Release_Pack_宁夏|x86.ActiveCfg = Release|Any CPU
		{10A689CF-76A2-4A4F-96E4-553C33398438}.Release_Pack|Any CPU.ActiveCfg = Release|Any CPU
		{10A689CF-76A2-4A4F-96E4-553C33398438}.Release_Pack|Any CPU.Build.0 = Release|Any CPU
		{10A689CF-76A2-4A4F-96E4-553C33398438}.Release_Pack|Mixed Platforms.ActiveCfg = Release|Any CPU
		{10A689CF-76A2-4A4F-96E4-553C33398438}.Release_Pack|Mixed Platforms.Build.0 = Release|Any CPU
		{10A689CF-76A2-4A4F-96E4-553C33398438}.Release_Pack|x86.ActiveCfg = Release|Any CPU
		{10A689CF-76A2-4A4F-96E4-553C33398438}.Release_ServerSide_Company|Any CPU.ActiveCfg = Release|Any CPU
		{10A689CF-76A2-4A4F-96E4-553C33398438}.Release_ServerSide_Company|Any CPU.Build.0 = Release|Any CPU
		{10A689CF-76A2-4A4F-96E4-553C33398438}.Release_ServerSide_Company|Mixed Platforms.ActiveCfg = Release|Any CPU
		{10A689CF-76A2-4A4F-96E4-553C33398438}.Release_ServerSide_Company|Mixed Platforms.Build.0 = Release|Any CPU
		{10A689CF-76A2-4A4F-96E4-553C33398438}.Release_ServerSide_Company|x86.ActiveCfg = Release|Any CPU
		{10A689CF-76A2-4A4F-96E4-553C33398438}.Release_ServerSide_校园网版_不验证|Any CPU.ActiveCfg = Release|Any CPU
		{10A689CF-76A2-4A4F-96E4-553C33398438}.Release_ServerSide_校园网版_不验证|Any CPU.Build.0 = Release|Any CPU
		{10A689CF-76A2-4A4F-96E4-553C33398438}.Release_ServerSide_校园网版_不验证|Mixed Platforms.ActiveCfg = Release|Any CPU
		{10A689CF-76A2-4A4F-96E4-553C33398438}.Release_ServerSide_校园网版_不验证|Mixed Platforms.Build.0 = Release|Any CPU
		{10A689CF-76A2-4A4F-96E4-553C33398438}.Release_ServerSide_校园网版_不验证|x86.ActiveCfg = Release|Any CPU
		{10A689CF-76A2-4A4F-96E4-553C33398438}.Release_ServerSide_校园网版|Any CPU.ActiveCfg = Release|Any CPU
		{10A689CF-76A2-4A4F-96E4-553C33398438}.Release_ServerSide_校园网版|Any CPU.Build.0 = Release|Any CPU
		{10A689CF-76A2-4A4F-96E4-553C33398438}.Release_ServerSide_校园网版|Mixed Platforms.ActiveCfg = Release|Any CPU
		{10A689CF-76A2-4A4F-96E4-553C33398438}.Release_ServerSide_校园网版|Mixed Platforms.Build.0 = Release|Any CPU
		{10A689CF-76A2-4A4F-96E4-553C33398438}.Release_ServerSide_校园网版|x86.ActiveCfg = Release|Any CPU
		{10A689CF-76A2-4A4F-96E4-553C33398438}.Release_ServerSide_校园网版不验证|Any CPU.ActiveCfg = Release|Any CPU
		{10A689CF-76A2-4A4F-96E4-553C33398438}.Release_ServerSide_校园网版不验证|Any CPU.Build.0 = Release|Any CPU
		{10A689CF-76A2-4A4F-96E4-553C33398438}.Release_ServerSide_校园网版不验证|Mixed Platforms.ActiveCfg = Release|Any CPU
		{10A689CF-76A2-4A4F-96E4-553C33398438}.Release_ServerSide_校园网版不验证|Mixed Platforms.Build.0 = Release|Any CPU
		{10A689CF-76A2-4A4F-96E4-553C33398438}.Release_ServerSide_校园网版不验证|x86.ActiveCfg = Release|Any CPU
		{10A689CF-76A2-4A4F-96E4-553C33398438}.Release_ServerSide_浙江|Any CPU.ActiveCfg = Release|Any CPU
		{10A689CF-76A2-4A4F-96E4-553C33398438}.Release_ServerSide_浙江|Any CPU.Build.0 = Release|Any CPU
		{10A689CF-76A2-4A4F-96E4-553C33398438}.Release_ServerSide_浙江|Mixed Platforms.ActiveCfg = Release|Any CPU
		{10A689CF-76A2-4A4F-96E4-553C33398438}.Release_ServerSide_浙江|Mixed Platforms.Build.0 = Release|Any CPU
		{10A689CF-76A2-4A4F-96E4-553C33398438}.Release_ServerSide_浙江|x86.ActiveCfg = Release|Any CPU
		{10A689CF-76A2-4A4F-96E4-553C33398438}.Release_ServerSide|Any CPU.ActiveCfg = Release|Any CPU
		{10A689CF-76A2-4A4F-96E4-553C33398438}.Release_ServerSide|Any CPU.Build.0 = Release|Any CPU
		{10A689CF-76A2-4A4F-96E4-553C33398438}.Release_ServerSide|Mixed Platforms.ActiveCfg = Release|Any CPU
		{10A689CF-76A2-4A4F-96E4-553C33398438}.Release_ServerSide|Mixed Platforms.Build.0 = Release|Any CPU
		{10A689CF-76A2-4A4F-96E4-553C33398438}.Release_ServerSide|x86.ActiveCfg = Release|Any CPU
		{10A689CF-76A2-4A4F-96E4-553C33398438}.Release_机房版|Any CPU.ActiveCfg = Release|Any CPU
		{10A689CF-76A2-4A4F-96E4-553C33398438}.Release_机房版|Any CPU.Build.0 = Release|Any CPU
		{10A689CF-76A2-4A4F-96E4-553C33398438}.Release_机房版|Mixed Platforms.ActiveCfg = Release|Any CPU
		{10A689CF-76A2-4A4F-96E4-553C33398438}.Release_机房版|Mixed Platforms.Build.0 = Release|Any CPU
		{10A689CF-76A2-4A4F-96E4-553C33398438}.Release_机房版|x86.ActiveCfg = Release|Any CPU
		{10A689CF-76A2-4A4F-96E4-553C33398438}.Release_宁夏|Any CPU.ActiveCfg = Release|Any CPU
		{10A689CF-76A2-4A4F-96E4-553C33398438}.Release_宁夏|Any CPU.Build.0 = Release|Any CPU
		{10A689CF-76A2-4A4F-96E4-553C33398438}.Release_宁夏|Mixed Platforms.ActiveCfg = Release|Any CPU
		{10A689CF-76A2-4A4F-96E4-553C33398438}.Release_宁夏|Mixed Platforms.Build.0 = Release|Any CPU
		{10A689CF-76A2-4A4F-96E4-553C33398438}.Release_宁夏|x86.ActiveCfg = Release|Any CPU
		{10A689CF-76A2-4A4F-96E4-553C33398438}.Release|Any CPU.ActiveCfg = Release|Any CPU
		{10A689CF-76A2-4A4F-96E4-553C33398438}.Release|Any CPU.Build.0 = Release|Any CPU
		{10A689CF-76A2-4A4F-96E4-553C33398438}.Release|Mixed Platforms.ActiveCfg = Release|Any CPU
		{10A689CF-76A2-4A4F-96E4-553C33398438}.Release|Mixed Platforms.Build.0 = Release|Any CPU
		{10A689CF-76A2-4A4F-96E4-553C33398438}.Release|x86.ActiveCfg = Release|Any CPU
		{10A689CF-76A2-4A4F-96E4-553C33398438}.测试Release|Any CPU.ActiveCfg = Release|Any CPU
		{10A689CF-76A2-4A4F-96E4-553C33398438}.测试Release|Any CPU.Build.0 = Release|Any CPU
		{10A689CF-76A2-4A4F-96E4-553C33398438}.测试Release|Mixed Platforms.ActiveCfg = Release|Any CPU
		{10A689CF-76A2-4A4F-96E4-553C33398438}.测试Release|Mixed Platforms.Build.0 = Release|Any CPU
		{10A689CF-76A2-4A4F-96E4-553C33398438}.测试Release|x86.ActiveCfg = Release|Any CPU
		{64C266A4-3D13-45B1-A0B0-ABBC0F4C14C3}.Debug_Pack|Any CPU.ActiveCfg = Debug|Any CPU
		{64C266A4-3D13-45B1-A0B0-ABBC0F4C14C3}.Debug_Pack|Any CPU.Build.0 = Debug|Any CPU
		{64C266A4-3D13-45B1-A0B0-ABBC0F4C14C3}.Debug_Pack|Mixed Platforms.ActiveCfg = Debug|Any CPU
		{64C266A4-3D13-45B1-A0B0-ABBC0F4C14C3}.Debug_Pack|Mixed Platforms.Build.0 = Debug|Any CPU
		{64C266A4-3D13-45B1-A0B0-ABBC0F4C14C3}.Debug_Pack|x86.ActiveCfg = Debug|Any CPU
		{64C266A4-3D13-45B1-A0B0-ABBC0F4C14C3}.Debug_ServerSide_Company|Any CPU.ActiveCfg = Debug|Any CPU
		{64C266A4-3D13-45B1-A0B0-ABBC0F4C14C3}.Debug_ServerSide_Company|Any CPU.Build.0 = Debug|Any CPU
		{64C266A4-3D13-45B1-A0B0-ABBC0F4C14C3}.Debug_ServerSide_Company|Mixed Platforms.ActiveCfg = Debug|Any CPU
		{64C266A4-3D13-45B1-A0B0-ABBC0F4C14C3}.Debug_ServerSide_Company|Mixed Platforms.Build.0 = Debug|Any CPU
		{64C266A4-3D13-45B1-A0B0-ABBC0F4C14C3}.Debug_ServerSide_Company|x86.ActiveCfg = Debug|Any CPU
		{64C266A4-3D13-45B1-A0B0-ABBC0F4C14C3}.Debug_ServerSide_校园网版|Any CPU.ActiveCfg = Debug|Any CPU
		{64C266A4-3D13-45B1-A0B0-ABBC0F4C14C3}.Debug_ServerSide_校园网版|Any CPU.Build.0 = Debug|Any CPU
		{64C266A4-3D13-45B1-A0B0-ABBC0F4C14C3}.Debug_ServerSide_校园网版|Mixed Platforms.ActiveCfg = Debug|Any CPU
		{64C266A4-3D13-45B1-A0B0-ABBC0F4C14C3}.Debug_ServerSide_校园网版|Mixed Platforms.Build.0 = Debug|Any CPU
		{64C266A4-3D13-45B1-A0B0-ABBC0F4C14C3}.Debug_ServerSide_校园网版|x86.ActiveCfg = Debug|Any CPU
		{64C266A4-3D13-45B1-A0B0-ABBC0F4C14C3}.Debug_ServerSide|Any CPU.ActiveCfg = Debug|Any CPU
		{64C266A4-3D13-45B1-A0B0-ABBC0F4C14C3}.Debug_ServerSide|Any CPU.Build.0 = Debug|Any CPU
		{64C266A4-3D13-45B1-A0B0-ABBC0F4C14C3}.Debug_ServerSide|Mixed Platforms.ActiveCfg = Debug|Any CPU
		{64C266A4-3D13-45B1-A0B0-ABBC0F4C14C3}.Debug_ServerSide|Mixed Platforms.Build.0 = Debug|Any CPU
		{64C266A4-3D13-45B1-A0B0-ABBC0F4C14C3}.Debug_ServerSide|x86.ActiveCfg = Debug|Any CPU
		{64C266A4-3D13-45B1-A0B0-ABBC0F4C14C3}.DEBUG_服务端1440|Any CPU.ActiveCfg = Debug|Any CPU
		{64C266A4-3D13-45B1-A0B0-ABBC0F4C14C3}.DEBUG_服务端1440|Any CPU.Build.0 = Debug|Any CPU
		{64C266A4-3D13-45B1-A0B0-ABBC0F4C14C3}.DEBUG_服务端1440|Mixed Platforms.ActiveCfg = Debug|Any CPU
		{64C266A4-3D13-45B1-A0B0-ABBC0F4C14C3}.DEBUG_服务端1440|Mixed Platforms.Build.0 = Debug|Any CPU
		{64C266A4-3D13-45B1-A0B0-ABBC0F4C14C3}.DEBUG_服务端1440|x86.ActiveCfg = Debug|Any CPU
		{64C266A4-3D13-45B1-A0B0-ABBC0F4C14C3}.Debug_机房版|Any CPU.ActiveCfg = Debug|Any CPU
		{64C266A4-3D13-45B1-A0B0-ABBC0F4C14C3}.Debug_机房版|Any CPU.Build.0 = Debug|Any CPU
		{64C266A4-3D13-45B1-A0B0-ABBC0F4C14C3}.Debug_机房版|Mixed Platforms.ActiveCfg = Debug|Any CPU
		{64C266A4-3D13-45B1-A0B0-ABBC0F4C14C3}.Debug_机房版|Mixed Platforms.Build.0 = Debug|Any CPU
		{64C266A4-3D13-45B1-A0B0-ABBC0F4C14C3}.Debug_机房版|x86.ActiveCfg = Debug|Any CPU
		{64C266A4-3D13-45B1-A0B0-ABBC0F4C14C3}.Debug_离线版|Any CPU.ActiveCfg = Debug|Any CPU
		{64C266A4-3D13-45B1-A0B0-ABBC0F4C14C3}.Debug_离线版|Any CPU.Build.0 = Debug|Any CPU
		{64C266A4-3D13-45B1-A0B0-ABBC0F4C14C3}.Debug_离线版|Mixed Platforms.ActiveCfg = Debug|Any CPU
		{64C266A4-3D13-45B1-A0B0-ABBC0F4C14C3}.Debug_离线版|Mixed Platforms.Build.0 = Debug|Any CPU
		{64C266A4-3D13-45B1-A0B0-ABBC0F4C14C3}.Debug_离线版|x86.ActiveCfg = Debug|Any CPU
		{64C266A4-3D13-45B1-A0B0-ABBC0F4C14C3}.Debug|Any CPU.ActiveCfg = Debug|Any CPU
		{64C266A4-3D13-45B1-A0B0-ABBC0F4C14C3}.Debug|Any CPU.Build.0 = Debug|Any CPU
		{64C266A4-3D13-45B1-A0B0-ABBC0F4C14C3}.Debug|Mixed Platforms.ActiveCfg = Debug|Any CPU
		{64C266A4-3D13-45B1-A0B0-ABBC0F4C14C3}.Debug|Mixed Platforms.Build.0 = Debug|Any CPU
		{64C266A4-3D13-45B1-A0B0-ABBC0F4C14C3}.Debug|x86.ActiveCfg = Debug|Any CPU
		{64C266A4-3D13-45B1-A0B0-ABBC0F4C14C3}.Release_Pack_XPARTNER_离线|Any CPU.ActiveCfg = Release|Any CPU
		{64C266A4-3D13-45B1-A0B0-ABBC0F4C14C3}.Release_Pack_XPARTNER_离线|Any CPU.Build.0 = Release|Any CPU
		{64C266A4-3D13-45B1-A0B0-ABBC0F4C14C3}.Release_Pack_XPARTNER_离线|Mixed Platforms.ActiveCfg = Release|Any CPU
		{64C266A4-3D13-45B1-A0B0-ABBC0F4C14C3}.Release_Pack_XPARTNER_离线|Mixed Platforms.Build.0 = Release|Any CPU
		{64C266A4-3D13-45B1-A0B0-ABBC0F4C14C3}.Release_Pack_XPARTNER_离线|x86.ActiveCfg = Release|Any CPU
		{64C266A4-3D13-45B1-A0B0-ABBC0F4C14C3}.Release_Pack_XPARTNER|Any CPU.ActiveCfg = Release|Any CPU
		{64C266A4-3D13-45B1-A0B0-ABBC0F4C14C3}.Release_Pack_XPARTNER|Any CPU.Build.0 = Release|Any CPU
		{64C266A4-3D13-45B1-A0B0-ABBC0F4C14C3}.Release_Pack_XPARTNER|Mixed Platforms.ActiveCfg = Release|Any CPU
		{64C266A4-3D13-45B1-A0B0-ABBC0F4C14C3}.Release_Pack_XPARTNER|Mixed Platforms.Build.0 = Release|Any CPU
		{64C266A4-3D13-45B1-A0B0-ABBC0F4C14C3}.Release_Pack_XPARTNER|x86.ActiveCfg = Release|Any CPU
		{64C266A4-3D13-45B1-A0B0-ABBC0F4C14C3}.Release_Pack_机房版|Any CPU.ActiveCfg = Release|Any CPU
		{64C266A4-3D13-45B1-A0B0-ABBC0F4C14C3}.Release_Pack_机房版|Any CPU.Build.0 = Release|Any CPU
		{64C266A4-3D13-45B1-A0B0-ABBC0F4C14C3}.Release_Pack_机房版|Mixed Platforms.ActiveCfg = Release|Any CPU
		{64C266A4-3D13-45B1-A0B0-ABBC0F4C14C3}.Release_Pack_机房版|Mixed Platforms.Build.0 = Release|Any CPU
		{64C266A4-3D13-45B1-A0B0-ABBC0F4C14C3}.Release_Pack_机房版|x86.ActiveCfg = Release|Any CPU
		{64C266A4-3D13-45B1-A0B0-ABBC0F4C14C3}.Release_Pack_宁夏|Any CPU.ActiveCfg = Release|Any CPU
		{64C266A4-3D13-45B1-A0B0-ABBC0F4C14C3}.Release_Pack_宁夏|Any CPU.Build.0 = Release|Any CPU
		{64C266A4-3D13-45B1-A0B0-ABBC0F4C14C3}.Release_Pack_宁夏|Mixed Platforms.ActiveCfg = Release|Any CPU
		{64C266A4-3D13-45B1-A0B0-ABBC0F4C14C3}.Release_Pack_宁夏|Mixed Platforms.Build.0 = Release|Any CPU
		{64C266A4-3D13-45B1-A0B0-ABBC0F4C14C3}.Release_Pack_宁夏|x86.ActiveCfg = Release|Any CPU
		{64C266A4-3D13-45B1-A0B0-ABBC0F4C14C3}.Release_Pack|Any CPU.ActiveCfg = Release|Any CPU
		{64C266A4-3D13-45B1-A0B0-ABBC0F4C14C3}.Release_Pack|Any CPU.Build.0 = Release|Any CPU
		{64C266A4-3D13-45B1-A0B0-ABBC0F4C14C3}.Release_Pack|Mixed Platforms.ActiveCfg = Release|Any CPU
		{64C266A4-3D13-45B1-A0B0-ABBC0F4C14C3}.Release_Pack|Mixed Platforms.Build.0 = Release|Any CPU
		{64C266A4-3D13-45B1-A0B0-ABBC0F4C14C3}.Release_Pack|x86.ActiveCfg = Release|Any CPU
		{64C266A4-3D13-45B1-A0B0-ABBC0F4C14C3}.Release_ServerSide_Company|Any CPU.ActiveCfg = Release|Any CPU
		{64C266A4-3D13-45B1-A0B0-ABBC0F4C14C3}.Release_ServerSide_Company|Any CPU.Build.0 = Release|Any CPU
		{64C266A4-3D13-45B1-A0B0-ABBC0F4C14C3}.Release_ServerSide_Company|Mixed Platforms.ActiveCfg = Release|Any CPU
		{64C266A4-3D13-45B1-A0B0-ABBC0F4C14C3}.Release_ServerSide_Company|Mixed Platforms.Build.0 = Release|Any CPU
		{64C266A4-3D13-45B1-A0B0-ABBC0F4C14C3}.Release_ServerSide_Company|x86.ActiveCfg = Release|Any CPU
		{64C266A4-3D13-45B1-A0B0-ABBC0F4C14C3}.Release_ServerSide_校园网版_不验证|Any CPU.ActiveCfg = Release|Any CPU
		{64C266A4-3D13-45B1-A0B0-ABBC0F4C14C3}.Release_ServerSide_校园网版_不验证|Any CPU.Build.0 = Release|Any CPU
		{64C266A4-3D13-45B1-A0B0-ABBC0F4C14C3}.Release_ServerSide_校园网版_不验证|Mixed Platforms.ActiveCfg = Release|Any CPU
		{64C266A4-3D13-45B1-A0B0-ABBC0F4C14C3}.Release_ServerSide_校园网版_不验证|Mixed Platforms.Build.0 = Release|Any CPU
		{64C266A4-3D13-45B1-A0B0-ABBC0F4C14C3}.Release_ServerSide_校园网版_不验证|x86.ActiveCfg = Release|Any CPU
		{64C266A4-3D13-45B1-A0B0-ABBC0F4C14C3}.Release_ServerSide_校园网版|Any CPU.ActiveCfg = Release|Any CPU
		{64C266A4-3D13-45B1-A0B0-ABBC0F4C14C3}.Release_ServerSide_校园网版|Any CPU.Build.0 = Release|Any CPU
		{64C266A4-3D13-45B1-A0B0-ABBC0F4C14C3}.Release_ServerSide_校园网版|Mixed Platforms.ActiveCfg = Release|Any CPU
		{64C266A4-3D13-45B1-A0B0-ABBC0F4C14C3}.Release_ServerSide_校园网版|Mixed Platforms.Build.0 = Release|Any CPU
		{64C266A4-3D13-45B1-A0B0-ABBC0F4C14C3}.Release_ServerSide_校园网版|x86.ActiveCfg = Release|Any CPU
		{64C266A4-3D13-45B1-A0B0-ABBC0F4C14C3}.Release_ServerSide_校园网版不验证|Any CPU.ActiveCfg = Release|Any CPU
		{64C266A4-3D13-45B1-A0B0-ABBC0F4C14C3}.Release_ServerSide_校园网版不验证|Any CPU.Build.0 = Release|Any CPU
		{64C266A4-3D13-45B1-A0B0-ABBC0F4C14C3}.Release_ServerSide_校园网版不验证|Mixed Platforms.ActiveCfg = Release|Any CPU
		{64C266A4-3D13-45B1-A0B0-ABBC0F4C14C3}.Release_ServerSide_校园网版不验证|Mixed Platforms.Build.0 = Release|Any CPU
		{64C266A4-3D13-45B1-A0B0-ABBC0F4C14C3}.Release_ServerSide_校园网版不验证|x86.ActiveCfg = Release|Any CPU
		{64C266A4-3D13-45B1-A0B0-ABBC0F4C14C3}.Release_ServerSide_浙江|Any CPU.ActiveCfg = Release|Any CPU
		{64C266A4-3D13-45B1-A0B0-ABBC0F4C14C3}.Release_ServerSide_浙江|Any CPU.Build.0 = Release|Any CPU
		{64C266A4-3D13-45B1-A0B0-ABBC0F4C14C3}.Release_ServerSide_浙江|Mixed Platforms.ActiveCfg = Release|Any CPU
		{64C266A4-3D13-45B1-A0B0-ABBC0F4C14C3}.Release_ServerSide_浙江|Mixed Platforms.Build.0 = Release|Any CPU
		{64C266A4-3D13-45B1-A0B0-ABBC0F4C14C3}.Release_ServerSide_浙江|x86.ActiveCfg = Release|Any CPU
		{64C266A4-3D13-45B1-A0B0-ABBC0F4C14C3}.Release_ServerSide|Any CPU.ActiveCfg = Release|Any CPU
		{64C266A4-3D13-45B1-A0B0-ABBC0F4C14C3}.Release_ServerSide|Any CPU.Build.0 = Release|Any CPU
		{64C266A4-3D13-45B1-A0B0-ABBC0F4C14C3}.Release_ServerSide|Mixed Platforms.ActiveCfg = Release|Any CPU
		{64C266A4-3D13-45B1-A0B0-ABBC0F4C14C3}.Release_ServerSide|Mixed Platforms.Build.0 = Release|Any CPU
		{64C266A4-3D13-45B1-A0B0-ABBC0F4C14C3}.Release_ServerSide|x86.ActiveCfg = Release|Any CPU
		{64C266A4-3D13-45B1-A0B0-ABBC0F4C14C3}.Release_机房版|Any CPU.ActiveCfg = Release|Any CPU
		{64C266A4-3D13-45B1-A0B0-ABBC0F4C14C3}.Release_机房版|Any CPU.Build.0 = Release|Any CPU
		{64C266A4-3D13-45B1-A0B0-ABBC0F4C14C3}.Release_机房版|Mixed Platforms.ActiveCfg = Release|Any CPU
		{64C266A4-3D13-45B1-A0B0-ABBC0F4C14C3}.Release_机房版|Mixed Platforms.Build.0 = Release|Any CPU
		{64C266A4-3D13-45B1-A0B0-ABBC0F4C14C3}.Release_机房版|x86.ActiveCfg = Release|Any CPU
		{64C266A4-3D13-45B1-A0B0-ABBC0F4C14C3}.Release_宁夏|Any CPU.ActiveCfg = Release|Any CPU
		{64C266A4-3D13-45B1-A0B0-ABBC0F4C14C3}.Release_宁夏|Any CPU.Build.0 = Release|Any CPU
		{64C266A4-3D13-45B1-A0B0-ABBC0F4C14C3}.Release_宁夏|Mixed Platforms.ActiveCfg = Release|Any CPU
		{64C266A4-3D13-45B1-A0B0-ABBC0F4C14C3}.Release_宁夏|Mixed Platforms.Build.0 = Release|Any CPU
		{64C266A4-3D13-45B1-A0B0-ABBC0F4C14C3}.Release_宁夏|x86.ActiveCfg = Release|Any CPU
		{64C266A4-3D13-45B1-A0B0-ABBC0F4C14C3}.Release|Any CPU.ActiveCfg = Release|Any CPU
		{64C266A4-3D13-45B1-A0B0-ABBC0F4C14C3}.Release|Any CPU.Build.0 = Release|Any CPU
		{64C266A4-3D13-45B1-A0B0-ABBC0F4C14C3}.Release|Mixed Platforms.ActiveCfg = Release|Any CPU
		{64C266A4-3D13-45B1-A0B0-ABBC0F4C14C3}.Release|Mixed Platforms.Build.0 = Release|Any CPU
		{64C266A4-3D13-45B1-A0B0-ABBC0F4C14C3}.Release|x86.ActiveCfg = Release|Any CPU
		{64C266A4-3D13-45B1-A0B0-ABBC0F4C14C3}.测试Release|Any CPU.ActiveCfg = Release|Any CPU
		{64C266A4-3D13-45B1-A0B0-ABBC0F4C14C3}.测试Release|Any CPU.Build.0 = Release|Any CPU
		{64C266A4-3D13-45B1-A0B0-ABBC0F4C14C3}.测试Release|Mixed Platforms.ActiveCfg = Release|Any CPU
		{64C266A4-3D13-45B1-A0B0-ABBC0F4C14C3}.测试Release|Mixed Platforms.Build.0 = Release|Any CPU
		{64C266A4-3D13-45B1-A0B0-ABBC0F4C14C3}.测试Release|x86.ActiveCfg = Release|Any CPU
	EndGlobalSection
	GlobalSection(SolutionProperties) = preSolution
		HideSolutionNode = FALSE
	EndGlobalSection
EndGlobal
